
Microsoft Visual Studio Solution File, Format Version 12.00
# Visual Studio Express 2013 for Windows Desktop
VisualStudioVersion = 12.0.21005.1
MinimumVisualStudioVersion = 10.0.40219.1
Project("{2150E333-8FDC-42A3-9474-1A3956D46DE8}") = "Chapter 1", "Chapter 1", "{9A76FD51-5F4B-4A5C-AB54-93E4DC609002}"
EndProject
Project("{FAE04EC0-301F-11D3-BF4B-00C04F79EFBC}") = "Recipe2", "Chapter1\Recipe2\Recipe2.csproj", "{5502EE79-4053-4078-9018-D18B3E0ECED2}"
EndProject
Project("{FAE04EC0-301F-11D3-BF4B-00C04F79EFBC}") = "Recipe3", "Chapter1\Recipe3\Recipe3.csproj", "{5E60C4AC-C6B6-409F-A038-ED0D2D0C9D5D}"
EndProject
Project("{FAE04EC0-301F-11D3-BF4B-00C04F79EFBC}") = "Recipe4", "Chapter1\Recipe4\Recipe4.csproj", "{7D95235E-0594-4BE4-ADB9-51516F2C0D49}"
EndProject
Project("{FAE04EC0-301F-11D3-BF4B-00C04F79EFBC}") = "Recipe5", "Chapter1\Recipe5\Recipe5.csproj", "{298BDAD0-58FC-4843-BE94-7F446B393796}"
EndProject
Project("{FAE04EC0-301F-11D3-BF4B-00C04F79EFBC}") = "Recipe1", "Chapter1\Recipe1\Recipe1.csproj", "{D6515A4B-21AC-49D8-B896-84B5EF50F5F1}"
EndProject
Project("{FAE04EC0-301F-11D3-BF4B-00C04F79EFBC}") = "Recipe6", "Chapter1\Recipe6\Recipe6.csproj", "{DB9508A7-065D-433B-818C-1F9CBCE7FAF4}"
EndProject
Project("{FAE04EC0-301F-11D3-BF4B-00C04F79EFBC}") = "Recipe7", "Chapter1\Recipe7\Recipe7.csproj", "{A77A237A-23B9-4082-AB8D-D44C2D2B196A}"
EndProject
Project("{FAE04EC0-301F-11D3-BF4B-00C04F79EFBC}") = "Recipe8", "Chapter1\Recipe8\Recipe8.csproj", "{DD773C5F-350A-442A-8E48-2A63B08A6FA2}"
EndProject
Project("{FAE04EC0-301F-11D3-BF4B-00C04F79EFBC}") = "Recipe9", "Chapter1\Recipe9\Recipe9.csproj", "{03A06CFD-DCEF-4F7D-9973-B7B7300E65F1}"
EndProject
Project("{FAE04EC0-301F-11D3-BF4B-00C04F79EFBC}") = "Recipe11", "Chapter1\Recipe11\Recipe11.csproj", "{B5925403-096E-4AEE-B7CD-F3E76DAA2F04}"
EndProject
Project("{FAE04EC0-301F-11D3-BF4B-00C04F79EFBC}") = "Recipe10", "Chapter1\Recipe10\Recipe10.csproj", "{75665DAE-9561-49C8-8BE9-7A4E8AC4E768}"
EndProject
Project("{2150E333-8FDC-42A3-9474-1A3956D46DE8}") = "Chapter 2", "Chapter 2", "{1B3F35FB-4DBB-44D0-AF5B-045C3A782D4A}"
EndProject
Project("{FAE04EC0-301F-11D3-BF4B-00C04F79EFBC}") = "Recipe1", "Chapter2\Recipe1\Recipe1.csproj", "{1F086968-5F91-4C69-B7AD-1B848502394D}"
EndProject
Project("{FAE04EC0-301F-11D3-BF4B-00C04F79EFBC}") = "Recipe2", "Chapter2\Recipe2\Recipe2.csproj", "{A59D584A-B0F2-4852-9846-141BDE188CEB}"
EndProject
Project("{FAE04EC0-301F-11D3-BF4B-00C04F79EFBC}") = "Recipe3", "Chapter2\Recipe3\Recipe3.csproj", "{FF51D761-1F4D-40DB-AED2-ECE3BBC869C6}"
EndProject
Project("{FAE04EC0-301F-11D3-BF4B-00C04F79EFBC}") = "Recipe4", "Chapter2\Recipe4\Recipe4.csproj", "{39FB8CDE-28D4-4969-A1CD-657669904BBC}"
EndProject
Project("{FAE04EC0-301F-11D3-BF4B-00C04F79EFBC}") = "Recipe5", "Chapter2\Recipe5\Recipe5.csproj", "{DF2D3173-77A1-4ECB-A6DE-7C3265091F6A}"
EndProject
Project("{FAE04EC0-301F-11D3-BF4B-00C04F79EFBC}") = "Recipe6", "Chapter2\Recipe6\Recipe6.csproj", "{EE3A5556-EBF3-45AA-BEB7-A134A6DD2C9F}"
EndProject
Project("{FAE04EC0-301F-11D3-BF4B-00C04F79EFBC}") = "Recipe7", "Chapter2\Recipe7\Recipe7.csproj", "{EE158402-E562-4296-BBA6-81BFEC9F2C9D}"
EndProject
Project("{FAE04EC0-301F-11D3-BF4B-00C04F79EFBC}") = "Recipe8", "Chapter2\Recipe8\Recipe8.csproj", "{4A1966E2-1465-4CAB-AA5C-FB35222CFD13}"
EndProject
Project("{FAE04EC0-301F-11D3-BF4B-00C04F79EFBC}") = "Recipe9", "Chapter2\Recipe9\Recipe9.csproj", "{9A53CF78-6CEE-4C80-91DB-0F266D255C93}"
EndProject
Project("{2150E333-8FDC-42A3-9474-1A3956D46DE8}") = "Chapter 3", "Chapter 3", "{6DB3ED55-B0DF-4FB6-AE6E-FFCFE316486C}"
EndProject
Project("{FAE04EC0-301F-11D3-BF4B-00C04F79EFBC}") = "Recipe1", "Chapter3\Recipe1\Recipe1.csproj", "{8457E95C-4F52-4BEE-97D8-433CFDF6E26A}"
EndProject
Project("{FAE04EC0-301F-11D3-BF4B-00C04F79EFBC}") = "Recipe2", "Chapter3\Recipe2\Recipe2.csproj", "{D891475D-CD3E-49B0-ADEF-2BE370DE7A0F}"
EndProject
Project("{FAE04EC0-301F-11D3-BF4B-00C04F79EFBC}") = "Recipe3", "Chapter3\Recipe3\Recipe3.csproj", "{623C3276-F8A5-4B48-8524-83C535C4E6F9}"
EndProject
Project("{FAE04EC0-301F-11D3-BF4B-00C04F79EFBC}") = "Recipe4", "Chapter3\Recipe4\Recipe4.csproj", "{B9B092B4-6636-445F-9198-9CD262D43604}"
EndProject
Project("{FAE04EC0-301F-11D3-BF4B-00C04F79EFBC}") = "Recipe5", "Chapter3\Recipe5\Recipe5.csproj", "{908A57C6-7EC9-418A-A3A6-156702C04894}"
EndProject
Project("{FAE04EC0-301F-11D3-BF4B-00C04F79EFBC}") = "Recipe6", "Chapter3\Recipe6\Recipe6.csproj", "{BD4D293E-1080-4090-B111-CA174C1D0863}"
EndProject
Project("{FAE04EC0-301F-11D3-BF4B-00C04F79EFBC}") = "Recipe7", "Chapter3\Recipe7\Recipe7.csproj", "{3D21D36D-E0E2-46DA-9D12-5F058A79B15D}"
EndProject
Project("{2150E333-8FDC-42A3-9474-1A3956D46DE8}") = "Chapter 4", "Chapter 4", "{05B47ED3-EF04-403D-83B2-923E2C4974FA}"
EndProject
Project("{FAE04EC0-301F-11D3-BF4B-00C04F79EFBC}") = "Recipe1", "Chapter4\Recipe1\Recipe1.csproj", "{09F53EFA-CA48-41A8-9EC4-D16B32F64198}"
EndProject
Project("{FAE04EC0-301F-11D3-BF4B-00C04F79EFBC}") = "Recipe2", "Chapter4\Recipe2\Recipe2.csproj", "{4F76EBE9-B401-4BD2-BFE4-88739E848E6B}"
EndProject
Project("{FAE04EC0-301F-11D3-BF4B-00C04F79EFBC}") = "Recipe3", "Chapter4\Recipe3\Recipe3.csproj", "{47291451-5465-424E-B02C-6872A82BF065}"
EndProject
Project("{FAE04EC0-301F-11D3-BF4B-00C04F79EFBC}") = "Recipe4", "Chapter4\Recipe4\Recipe4.csproj", "{FEC7333E-8ACF-40DF-99CE-4A7F3C67FB23}"
EndProject
Project("{FAE04EC0-301F-11D3-BF4B-00C04F79EFBC}") = "Recipe5", "Chapter4\Recipe5\Recipe5.csproj", "{0C63100E-3DFB-4975-A971-A28567445BB9}"
EndProject
Project("{FAE04EC0-301F-11D3-BF4B-00C04F79EFBC}") = "Recipe6", "Chapter4\Recipe6\Recipe6.csproj", "{F4AF0B2E-A97A-46F6-BDA9-62077890361F}"
EndProject
Project("{FAE04EC0-301F-11D3-BF4B-00C04F79EFBC}") = "Recipe7", "Chapter4\Recipe7\Recipe7.csproj", "{981EEDF7-E968-4C9E-84D2-D7919B25CF68}"
EndProject
Project("{FAE04EC0-301F-11D3-BF4B-00C04F79EFBC}") = "Recipe8", "Chapter4\Recipe8\Recipe8.csproj", "{AB6953B2-BDFF-4E17-8B86-5B3F41D0D847}"
EndProject
Project("{FAE04EC0-301F-11D3-BF4B-00C04F79EFBC}") = "Recipe9", "Chapter4\Recipe9\Recipe9.csproj", "{E91E0B30-1606-4ED4-94AA-8E785AF3FA5B}"
EndProject
Project("{2150E333-8FDC-42A3-9474-1A3956D46DE8}") = "Chapter 5", "Chapter 5", "{180F4B66-0D8A-4F51-AB24-E676EA9447B3}"
EndProject
Project("{FAE04EC0-301F-11D3-BF4B-00C04F79EFBC}") = "Recipe1", "Chapter5\Recipe1\Recipe1.csproj", "{3610E696-E361-4F8F-8799-0A22B7AC7160}"
EndProject
Project("{FAE04EC0-301F-11D3-BF4B-00C04F79EFBC}") = "Recipe2", "Chapter5\Recipe2\Recipe2.csproj", "{8E096440-3171-4D99-9E09-36A0A10CD94C}"
EndProject
Project("{FAE04EC0-301F-11D3-BF4B-00C04F79EFBC}") = "Recipe3", "Chapter5\Recipe3\Recipe3.csproj", "{067E7F12-A524-44F7-9650-59E2C5D5DB9D}"
EndProject
Project("{FAE04EC0-301F-11D3-BF4B-00C04F79EFBC}") = "Recipe4", "Chapter5\Recipe4\Recipe4.csproj", "{D9A87682-9C18-4A48-A6DA-97562A84DBA5}"
EndProject
Project("{FAE04EC0-301F-11D3-BF4B-00C04F79EFBC}") = "Recipe6", "Chapter5\Recipe6\Recipe6.csproj", "{325A9BB1-4D15-476A-A618-02A102DF0B49}"
EndProject
Project("{FAE04EC0-301F-11D3-BF4B-00C04F79EFBC}") = "Recipe5", "Chapter5\Recipe5\Recipe5.csproj", "{C483304B-3886-439A-81EB-8C4D25692C2F}"
EndProject
Project("{FAE04EC0-301F-11D3-BF4B-00C04F79EFBC}") = "Recipe7", "Chapter5\Recipe7\Recipe7.csproj", "{7BF97FB8-350B-4418-A8BD-108895C0D648}"
EndProject
Project("{FAE04EC0-301F-11D3-BF4B-00C04F79EFBC}") = "Recipe8", "Chapter5\Recipe8\Recipe8.csproj", "{1166E266-C183-4D63-9584-155BD1F9F2F9}"
EndProject
Project("{FAE04EC0-301F-11D3-BF4B-00C04F79EFBC}") = "Recipe9", "Chapter5\Recipe9\Recipe9.csproj", "{2C4D3421-762A-445C-A69D-8BF00799394D}"
EndProject
Project("{2150E333-8FDC-42A3-9474-1A3956D46DE8}") = ".nuget", ".nuget", "{9DFAA23E-644F-4572-BCCE-145369007765}"
	ProjectSection(SolutionItems) = preProject
		.nuget\NuGet.Config = .nuget\NuGet.Config
		.nuget\NuGet.exe = .nuget\NuGet.exe
		.nuget\NuGet.targets = .nuget\NuGet.targets
	EndProjectSection
EndProject
Project("{2150E333-8FDC-42A3-9474-1A3956D46DE8}") = "Chapter 6", "Chapter 6", "{B281D27F-4C37-45DE-A234-552C6F1AEF80}"
EndProject
Project("{FAE04EC0-301F-11D3-BF4B-00C04F79EFBC}") = "Recipe1", "Chapter6\Recipe1\Recipe1.csproj", "{96234770-8ED2-4ED1-BF00-C133BCCFB94C}"
EndProject
Project("{FAE04EC0-301F-11D3-BF4B-00C04F79EFBC}") = "Recipe2", "Chapter6\Recipe2\Recipe2.csproj", "{C0EE46E4-0B6C-4DAE-A4E3-B3FAE9B7A03E}"
EndProject
Project("{FAE04EC0-301F-11D3-BF4B-00C04F79EFBC}") = "Recipe3", "Chapter6\Recipe3\Recipe3.csproj", "{5DA986DA-B85C-42B9-A326-2E46CD98532A}"
EndProject
Project("{FAE04EC0-301F-11D3-BF4B-00C04F79EFBC}") = "Recipe4", "Chapter6\Recipe4\Recipe4.csproj", "{F23AD9E4-96A3-413F-984A-1AE7BF15BC18}"
EndProject
Project("{FAE04EC0-301F-11D3-BF4B-00C04F79EFBC}") = "Recipe5", "Chapter6\Recipe5\Recipe5.csproj", "{A5478C45-E1EB-45DF-ABB7-A4DF18AF1E5D}"
EndProject
Project("{2150E333-8FDC-42A3-9474-1A3956D46DE8}") = "Chapter 7", "Chapter 7", "{185B46D8-3096-4D72-A0E8-6B751A7B2D1C}"
EndProject
Project("{FAE04EC0-301F-11D3-BF4B-00C04F79EFBC}") = "Recipe1", "Chapter7\Recipe1\Recipe1.csproj", "{C435483A-0D00-4DF6-8F7D-0E06D8024D5C}"
EndProject
Project("{FAE04EC0-301F-11D3-BF4B-00C04F79EFBC}") = "Recipe2", "Chapter7\Recipe2\Recipe2.csproj", "{B2F80764-4DF5-400F-A2D0-5C3DD521FB19}"
EndProject
Project("{FAE04EC0-301F-11D3-BF4B-00C04F79EFBC}") = "Recipe3", "Chapter7\Recipe3\Recipe3.csproj", "{29007C85-EDDB-4453-BE24-F6965A34E31A}"
EndProject
Project("{FAE04EC0-301F-11D3-BF4B-00C04F79EFBC}") = "Recipe4", "Chapter7\Recipe4\Recipe4.csproj", "{905B3393-9B3D-4DAC-B018-2825F5C7188C}"
EndProject
Project("{FAE04EC0-301F-11D3-BF4B-00C04F79EFBC}") = "Recipe5", "Chapter7\Recipe5\Recipe5.csproj", "{00BB9F5C-2F9D-44C0-A73C-E24B23A2059F}"
EndProject
Project("{FAE04EC0-301F-11D3-BF4B-00C04F79EFBC}") = "Recipe6", "Chapter7\Recipe6\Recipe6.csproj", "{84459695-3BE0-4ABB-9C66-6BA7945526DC}"
EndProject
Project("{2150E333-8FDC-42A3-9474-1A3956D46DE8}") = "Chapter 8", "Chapter 8", "{3B800E94-C45F-441E-A884-3A20BD44A7E6}"
EndProject
Project("{FAE04EC0-301F-11D3-BF4B-00C04F79EFBC}") = "Recipe1", "Chapter8\Recipe1\Recipe1.csproj", "{6D6F3723-9054-4C7C-8067-901238D9A933}"
EndProject
Project("{FAE04EC0-301F-11D3-BF4B-00C04F79EFBC}") = "Recipe2", "Chapter8\Recipe2\Recipe2.csproj", "{F5641AAD-4330-490E-BC0A-EFA6C73ED2F8}"
EndProject
Project("{FAE04EC0-301F-11D3-BF4B-00C04F79EFBC}") = "Recipe3", "Chapter8\Recipe3\Recipe3.csproj", "{CC1CB9AF-F9CD-4757-84E2-D3B0288D38B1}"
EndProject
Project("{FAE04EC0-301F-11D3-BF4B-00C04F79EFBC}") = "Recipe4", "Chapter8\Recipe4\Recipe4.csproj", "{52386102-A84B-4439-A964-A53DBB57EE0A}"
EndProject
Project("{FAE04EC0-301F-11D3-BF4B-00C04F79EFBC}") = "Recipe5", "Chapter8\Recipe5\Recipe5.csproj", "{17961129-0C30-48D2-A2E7-CB8A763AA5F8}"
EndProject
Project("{FAE04EC0-301F-11D3-BF4B-00C04F79EFBC}") = "Recipe6", "Chapter8\Recipe6\Recipe6.csproj", "{01A6C956-0C68-46DB-816D-585749E72DF7}"
EndProject
Project("{2150E333-8FDC-42A3-9474-1A3956D46DE8}") = "Chapter 9", "Chapter 9", "{41ABCCCB-9E1E-40D9-8D2D-C24809EC158B}"
EndProject
Project("{FAE04EC0-301F-11D3-BF4B-00C04F79EFBC}") = "Recipe1", "Chapter9\Recipe1\Recipe1.csproj", "{20042BB3-4E24-494F-BD86-D4CAEA52B31D}"
EndProject
Project("{FAE04EC0-301F-11D3-BF4B-00C04F79EFBC}") = "Recipe2", "Chapter9\Recipe2\Recipe2.csproj", "{8355FC5F-FDA4-47FE-B9E9-15F64E43845C}"
EndProject
Project("{FAE04EC0-301F-11D3-BF4B-00C04F79EFBC}") = "Recipe3", "Chapter9\Recipe3\Recipe3.csproj", "{E108D136-F631-45E4-8BFE-2CB48311D472}"
EndProject
Project("{FAE04EC0-301F-11D3-BF4B-00C04F79EFBC}") = "Recipe4", "Chapter9\Recipe4\Recipe4.csproj", "{D30148AB-455F-4B45-ACCD-BB180841DABF}"
EndProject
Project("{2150E333-8FDC-42A3-9474-1A3956D46DE8}") = "Chapter 11", "Chapter 11", "{37231416-7BE3-4C4E-8656-58136F038B49}"
EndProject
Project("{FAE04EC0-301F-11D3-BF4B-00C04F79EFBC}") = "Recipe2", "Chapter11\Recipe2\Recipe2.csproj", "{DEA67BEA-863F-40C5-A220-0D2DB4BD73FB}"
EndProject
Project("{2150E333-8FDC-42A3-9474-1A3956D46DE8}") = "Chapter10", "Chapter10", "{FA4E033F-794E-49B4-B6BE-B123BABC2006}"
EndProject
Project("{FAE04EC0-301F-11D3-BF4B-00C04F79EFBC}") = "Recipe1", "Chapter10\Recipe1\Recipe1.csproj", "{16F1F1D5-1D35-4AFA-891B-8788FF6AA4F4}"
EndProject
Project("{FAE04EC0-301F-11D3-BF4B-00C04F79EFBC}") = "Recipe2", "Chapter10\Recipe2\Recipe2.csproj", "{C2AD067D-2492-408F-9070-4472E47E6514}"
EndProject
Project("{FAE04EC0-301F-11D3-BF4B-00C04F79EFBC}") = "Recipe3", "Chapter10\Recipe3\Recipe3.csproj", "{B68B02BB-B158-43B0-B6FB-7E09AFD203B7}"
EndProject
Project("{FAE04EC0-301F-11D3-BF4B-00C04F79EFBC}") = "Recipe4", "Chapter10\Recipe4\Recipe4.csproj", "{BB0B54B3-6E05-4E2F-8B66-547F504AD830}"
EndProject
Global
	GlobalSection(SolutionConfigurationPlatforms) = preSolution
		Debug|Any CPU = Debug|Any CPU
		Debug|ARM = Debug|ARM
		Debug|x64 = Debug|x64
		Debug|x86 = Debug|x86
		Release|Any CPU = Release|Any CPU
		Release|ARM = Release|ARM
		Release|x64 = Release|x64
		Release|x86 = Release|x86
	EndGlobalSection
	GlobalSection(ProjectConfigurationPlatforms) = postSolution
		{5502EE79-4053-4078-9018-D18B3E0ECED2}.Debug|Any CPU.ActiveCfg = Debug|Any CPU
		{5502EE79-4053-4078-9018-D18B3E0ECED2}.Debug|Any CPU.Build.0 = Debug|Any CPU
		{5502EE79-4053-4078-9018-D18B3E0ECED2}.Debug|ARM.ActiveCfg = Debug|Any CPU
		{5502EE79-4053-4078-9018-D18B3E0ECED2}.Debug|x64.ActiveCfg = Debug|Any CPU
		{5502EE79-4053-4078-9018-D18B3E0ECED2}.Debug|x86.ActiveCfg = Debug|Any CPU
		{5502EE79-4053-4078-9018-D18B3E0ECED2}.Release|Any CPU.ActiveCfg = Release|Any CPU
		{5502EE79-4053-4078-9018-D18B3E0ECED2}.Release|Any CPU.Build.0 = Release|Any CPU
		{5502EE79-4053-4078-9018-D18B3E0ECED2}.Release|ARM.ActiveCfg = Release|Any CPU
		{5502EE79-4053-4078-9018-D18B3E0ECED2}.Release|x64.ActiveCfg = Release|Any CPU
		{5502EE79-4053-4078-9018-D18B3E0ECED2}.Release|x86.ActiveCfg = Release|Any CPU
		{5E60C4AC-C6B6-409F-A038-ED0D2D0C9D5D}.Debug|Any CPU.ActiveCfg = Debug|Any CPU
		{5E60C4AC-C6B6-409F-A038-ED0D2D0C9D5D}.Debug|Any CPU.Build.0 = Debug|Any CPU
		{5E60C4AC-C6B6-409F-A038-ED0D2D0C9D5D}.Debug|ARM.ActiveCfg = Debug|Any CPU
		{5E60C4AC-C6B6-409F-A038-ED0D2D0C9D5D}.Debug|x64.ActiveCfg = Debug|Any CPU
		{5E60C4AC-C6B6-409F-A038-ED0D2D0C9D5D}.Debug|x86.ActiveCfg = Debug|Any CPU
		{5E60C4AC-C6B6-409F-A038-ED0D2D0C9D5D}.Release|Any CPU.ActiveCfg = Release|Any CPU
		{5E60C4AC-C6B6-409F-A038-ED0D2D0C9D5D}.Release|Any CPU.Build.0 = Release|Any CPU
		{5E60C4AC-C6B6-409F-A038-ED0D2D0C9D5D}.Release|ARM.ActiveCfg = Release|Any CPU
		{5E60C4AC-C6B6-409F-A038-ED0D2D0C9D5D}.Release|x64.ActiveCfg = Release|Any CPU
		{5E60C4AC-C6B6-409F-A038-ED0D2D0C9D5D}.Release|x86.ActiveCfg = Release|Any CPU
		{7D95235E-0594-4BE4-ADB9-51516F2C0D49}.Debug|Any CPU.ActiveCfg = Debug|Any CPU
		{7D95235E-0594-4BE4-ADB9-51516F2C0D49}.Debug|Any CPU.Build.0 = Debug|Any CPU
		{7D95235E-0594-4BE4-ADB9-51516F2C0D49}.Debug|ARM.ActiveCfg = Debug|Any CPU
		{7D95235E-0594-4BE4-ADB9-51516F2C0D49}.Debug|x64.ActiveCfg = Debug|Any CPU
		{7D95235E-0594-4BE4-ADB9-51516F2C0D49}.Debug|x86.ActiveCfg = Debug|Any CPU
		{7D95235E-0594-4BE4-ADB9-51516F2C0D49}.Release|Any CPU.ActiveCfg = Release|Any CPU
		{7D95235E-0594-4BE4-ADB9-51516F2C0D49}.Release|Any CPU.Build.0 = Release|Any CPU
		{7D95235E-0594-4BE4-ADB9-51516F2C0D49}.Release|ARM.ActiveCfg = Release|Any CPU
		{7D95235E-0594-4BE4-ADB9-51516F2C0D49}.Release|x64.ActiveCfg = Release|Any CPU
		{7D95235E-0594-4BE4-ADB9-51516F2C0D49}.Release|x86.ActiveCfg = Release|Any CPU
		{298BDAD0-58FC-4843-BE94-7F446B393796}.Debug|Any CPU.ActiveCfg = Debug|Any CPU
		{298BDAD0-58FC-4843-BE94-7F446B393796}.Debug|Any CPU.Build.0 = Debug|Any CPU
		{298BDAD0-58FC-4843-BE94-7F446B393796}.Debug|ARM.ActiveCfg = Debug|Any CPU
		{298BDAD0-58FC-4843-BE94-7F446B393796}.Debug|x64.ActiveCfg = Debug|Any CPU
		{298BDAD0-58FC-4843-BE94-7F446B393796}.Debug|x86.ActiveCfg = Debug|Any CPU
		{298BDAD0-58FC-4843-BE94-7F446B393796}.Release|Any CPU.ActiveCfg = Release|Any CPU
		{298BDAD0-58FC-4843-BE94-7F446B393796}.Release|Any CPU.Build.0 = Release|Any CPU
		{298BDAD0-58FC-4843-BE94-7F446B393796}.Release|ARM.ActiveCfg = Release|Any CPU
		{298BDAD0-58FC-4843-BE94-7F446B393796}.Release|x64.ActiveCfg = Release|Any CPU
		{298BDAD0-58FC-4843-BE94-7F446B393796}.Release|x86.ActiveCfg = Release|Any CPU
		{D6515A4B-21AC-49D8-B896-84B5EF50F5F1}.Debug|Any CPU.ActiveCfg = Debug|Any CPU
		{D6515A4B-21AC-49D8-B896-84B5EF50F5F1}.Debug|Any CPU.Build.0 = Debug|Any CPU
		{D6515A4B-21AC-49D8-B896-84B5EF50F5F1}.Debug|ARM.ActiveCfg = Debug|Any CPU
		{D6515A4B-21AC-49D8-B896-84B5EF50F5F1}.Debug|x64.ActiveCfg = Debug|Any CPU
		{D6515A4B-21AC-49D8-B896-84B5EF50F5F1}.Debug|x86.ActiveCfg = Debug|Any CPU
		{D6515A4B-21AC-49D8-B896-84B5EF50F5F1}.Release|Any CPU.ActiveCfg = Release|Any CPU
		{D6515A4B-21AC-49D8-B896-84B5EF50F5F1}.Release|Any CPU.Build.0 = Release|Any CPU
		{D6515A4B-21AC-49D8-B896-84B5EF50F5F1}.Release|ARM.ActiveCfg = Release|Any CPU
		{D6515A4B-21AC-49D8-B896-84B5EF50F5F1}.Release|x64.ActiveCfg = Release|Any CPU
		{D6515A4B-21AC-49D8-B896-84B5EF50F5F1}.Release|x86.ActiveCfg = Release|Any CPU
		{DB9508A7-065D-433B-818C-1F9CBCE7FAF4}.Debug|Any CPU.ActiveCfg = Debug|Any CPU
		{DB9508A7-065D-433B-818C-1F9CBCE7FAF4}.Debug|Any CPU.Build.0 = Debug|Any CPU
		{DB9508A7-065D-433B-818C-1F9CBCE7FAF4}.Debug|ARM.ActiveCfg = Debug|Any CPU
		{DB9508A7-065D-433B-818C-1F9CBCE7FAF4}.Debug|x64.ActiveCfg = Debug|Any CPU
		{DB9508A7-065D-433B-818C-1F9CBCE7FAF4}.Debug|x86.ActiveCfg = Debug|Any CPU
		{DB9508A7-065D-433B-818C-1F9CBCE7FAF4}.Release|Any CPU.ActiveCfg = Release|Any CPU
		{DB9508A7-065D-433B-818C-1F9CBCE7FAF4}.Release|Any CPU.Build.0 = Release|Any CPU
		{DB9508A7-065D-433B-818C-1F9CBCE7FAF4}.Release|ARM.ActiveCfg = Release|Any CPU
		{DB9508A7-065D-433B-818C-1F9CBCE7FAF4}.Release|x64.ActiveCfg = Release|Any CPU
		{DB9508A7-065D-433B-818C-1F9CBCE7FAF4}.Release|x86.ActiveCfg = Release|Any CPU
		{A77A237A-23B9-4082-AB8D-D44C2D2B196A}.Debug|Any CPU.ActiveCfg = Debug|Any CPU
		{A77A237A-23B9-4082-AB8D-D44C2D2B196A}.Debug|Any CPU.Build.0 = Debug|Any CPU
		{A77A237A-23B9-4082-AB8D-D44C2D2B196A}.Debug|ARM.ActiveCfg = Debug|Any CPU
		{A77A237A-23B9-4082-AB8D-D44C2D2B196A}.Debug|x64.ActiveCfg = Debug|Any CPU
		{A77A237A-23B9-4082-AB8D-D44C2D2B196A}.Debug|x86.ActiveCfg = Debug|Any CPU
		{A77A237A-23B9-4082-AB8D-D44C2D2B196A}.Release|Any CPU.ActiveCfg = Release|Any CPU
		{A77A237A-23B9-4082-AB8D-D44C2D2B196A}.Release|Any CPU.Build.0 = Release|Any CPU
		{A77A237A-23B9-4082-AB8D-D44C2D2B196A}.Release|ARM.ActiveCfg = Release|Any CPU
		{A77A237A-23B9-4082-AB8D-D44C2D2B196A}.Release|x64.ActiveCfg = Release|Any CPU
		{A77A237A-23B9-4082-AB8D-D44C2D2B196A}.Release|x86.ActiveCfg = Release|Any CPU
		{DD773C5F-350A-442A-8E48-2A63B08A6FA2}.Debug|Any CPU.ActiveCfg = Debug|Any CPU
		{DD773C5F-350A-442A-8E48-2A63B08A6FA2}.Debug|Any CPU.Build.0 = Debug|Any CPU
		{DD773C5F-350A-442A-8E48-2A63B08A6FA2}.Debug|ARM.ActiveCfg = Debug|Any CPU
		{DD773C5F-350A-442A-8E48-2A63B08A6FA2}.Debug|x64.ActiveCfg = Debug|Any CPU
		{DD773C5F-350A-442A-8E48-2A63B08A6FA2}.Debug|x86.ActiveCfg = Debug|Any CPU
		{DD773C5F-350A-442A-8E48-2A63B08A6FA2}.Release|Any CPU.ActiveCfg = Release|Any CPU
		{DD773C5F-350A-442A-8E48-2A63B08A6FA2}.Release|Any CPU.Build.0 = Release|Any CPU
		{DD773C5F-350A-442A-8E48-2A63B08A6FA2}.Release|ARM.ActiveCfg = Release|Any CPU
		{DD773C5F-350A-442A-8E48-2A63B08A6FA2}.Release|x64.ActiveCfg = Release|Any CPU
		{DD773C5F-350A-442A-8E48-2A63B08A6FA2}.Release|x86.ActiveCfg = Release|Any CPU
		{03A06CFD-DCEF-4F7D-9973-B7B7300E65F1}.Debug|Any CPU.ActiveCfg = Debug|Any CPU
		{03A06CFD-DCEF-4F7D-9973-B7B7300E65F1}.Debug|Any CPU.Build.0 = Debug|Any CPU
		{03A06CFD-DCEF-4F7D-9973-B7B7300E65F1}.Debug|ARM.ActiveCfg = Debug|Any CPU
		{03A06CFD-DCEF-4F7D-9973-B7B7300E65F1}.Debug|x64.ActiveCfg = Debug|Any CPU
		{03A06CFD-DCEF-4F7D-9973-B7B7300E65F1}.Debug|x86.ActiveCfg = Debug|Any CPU
		{03A06CFD-DCEF-4F7D-9973-B7B7300E65F1}.Release|Any CPU.ActiveCfg = Release|Any CPU
		{03A06CFD-DCEF-4F7D-9973-B7B7300E65F1}.Release|Any CPU.Build.0 = Release|Any CPU
		{03A06CFD-DCEF-4F7D-9973-B7B7300E65F1}.Release|ARM.ActiveCfg = Release|Any CPU
		{03A06CFD-DCEF-4F7D-9973-B7B7300E65F1}.Release|x64.ActiveCfg = Release|Any CPU
		{03A06CFD-DCEF-4F7D-9973-B7B7300E65F1}.Release|x86.ActiveCfg = Release|Any CPU
		{B5925403-096E-4AEE-B7CD-F3E76DAA2F04}.Debug|Any CPU.ActiveCfg = Debug|Any CPU
		{B5925403-096E-4AEE-B7CD-F3E76DAA2F04}.Debug|Any CPU.Build.0 = Debug|Any CPU
		{B5925403-096E-4AEE-B7CD-F3E76DAA2F04}.Debug|ARM.ActiveCfg = Debug|Any CPU
		{B5925403-096E-4AEE-B7CD-F3E76DAA2F04}.Debug|x64.ActiveCfg = Debug|Any CPU
		{B5925403-096E-4AEE-B7CD-F3E76DAA2F04}.Debug|x86.ActiveCfg = Debug|Any CPU
		{B5925403-096E-4AEE-B7CD-F3E76DAA2F04}.Release|Any CPU.ActiveCfg = Release|Any CPU
		{B5925403-096E-4AEE-B7CD-F3E76DAA2F04}.Release|Any CPU.Build.0 = Release|Any CPU
		{B5925403-096E-4AEE-B7CD-F3E76DAA2F04}.Release|ARM.ActiveCfg = Release|Any CPU
		{B5925403-096E-4AEE-B7CD-F3E76DAA2F04}.Release|x64.ActiveCfg = Release|Any CPU
		{B5925403-096E-4AEE-B7CD-F3E76DAA2F04}.Release|x86.ActiveCfg = Release|Any CPU
		{75665DAE-9561-49C8-8BE9-7A4E8AC4E768}.Debug|Any CPU.ActiveCfg = Debug|Any CPU
		{75665DAE-9561-49C8-8BE9-7A4E8AC4E768}.Debug|Any CPU.Build.0 = Debug|Any CPU
		{75665DAE-9561-49C8-8BE9-7A4E8AC4E768}.Debug|ARM.ActiveCfg = Debug|Any CPU
		{75665DAE-9561-49C8-8BE9-7A4E8AC4E768}.Debug|x64.ActiveCfg = Debug|Any CPU
		{75665DAE-9561-49C8-8BE9-7A4E8AC4E768}.Debug|x86.ActiveCfg = Debug|Any CPU
		{75665DAE-9561-49C8-8BE9-7A4E8AC4E768}.Release|Any CPU.ActiveCfg = Release|Any CPU
		{75665DAE-9561-49C8-8BE9-7A4E8AC4E768}.Release|Any CPU.Build.0 = Release|Any CPU
		{75665DAE-9561-49C8-8BE9-7A4E8AC4E768}.Release|ARM.ActiveCfg = Release|Any CPU
		{75665DAE-9561-49C8-8BE9-7A4E8AC4E768}.Release|x64.ActiveCfg = Release|Any CPU
		{75665DAE-9561-49C8-8BE9-7A4E8AC4E768}.Release|x86.ActiveCfg = Release|Any CPU
		{1F086968-5F91-4C69-B7AD-1B848502394D}.Debug|Any CPU.ActiveCfg = Debug|Any CPU
		{1F086968-5F91-4C69-B7AD-1B848502394D}.Debug|Any CPU.Build.0 = Debug|Any CPU
		{1F086968-5F91-4C69-B7AD-1B848502394D}.Debug|ARM.ActiveCfg = Debug|Any CPU
		{1F086968-5F91-4C69-B7AD-1B848502394D}.Debug|x64.ActiveCfg = Debug|Any CPU
		{1F086968-5F91-4C69-B7AD-1B848502394D}.Debug|x86.ActiveCfg = Debug|Any CPU
		{1F086968-5F91-4C69-B7AD-1B848502394D}.Release|Any CPU.ActiveCfg = Release|Any CPU
		{1F086968-5F91-4C69-B7AD-1B848502394D}.Release|Any CPU.Build.0 = Release|Any CPU
		{1F086968-5F91-4C69-B7AD-1B848502394D}.Release|ARM.ActiveCfg = Release|Any CPU
		{1F086968-5F91-4C69-B7AD-1B848502394D}.Release|x64.ActiveCfg = Release|Any CPU
		{1F086968-5F91-4C69-B7AD-1B848502394D}.Release|x86.ActiveCfg = Release|Any CPU
		{A59D584A-B0F2-4852-9846-141BDE188CEB}.Debug|Any CPU.ActiveCfg = Debug|Any CPU
		{A59D584A-B0F2-4852-9846-141BDE188CEB}.Debug|Any CPU.Build.0 = Debug|Any CPU
		{A59D584A-B0F2-4852-9846-141BDE188CEB}.Debug|ARM.ActiveCfg = Debug|Any CPU
		{A59D584A-B0F2-4852-9846-141BDE188CEB}.Debug|x64.ActiveCfg = Debug|Any CPU
		{A59D584A-B0F2-4852-9846-141BDE188CEB}.Debug|x86.ActiveCfg = Debug|Any CPU
		{A59D584A-B0F2-4852-9846-141BDE188CEB}.Release|Any CPU.ActiveCfg = Release|Any CPU
		{A59D584A-B0F2-4852-9846-141BDE188CEB}.Release|Any CPU.Build.0 = Release|Any CPU
		{A59D584A-B0F2-4852-9846-141BDE188CEB}.Release|ARM.ActiveCfg = Release|Any CPU
		{A59D584A-B0F2-4852-9846-141BDE188CEB}.Release|x64.ActiveCfg = Release|Any CPU
		{A59D584A-B0F2-4852-9846-141BDE188CEB}.Release|x86.ActiveCfg = Release|Any CPU
		{FF51D761-1F4D-40DB-AED2-ECE3BBC869C6}.Debug|Any CPU.ActiveCfg = Debug|Any CPU
		{FF51D761-1F4D-40DB-AED2-ECE3BBC869C6}.Debug|Any CPU.Build.0 = Debug|Any CPU
		{FF51D761-1F4D-40DB-AED2-ECE3BBC869C6}.Debug|ARM.ActiveCfg = Debug|Any CPU
		{FF51D761-1F4D-40DB-AED2-ECE3BBC869C6}.Debug|x64.ActiveCfg = Debug|Any CPU
		{FF51D761-1F4D-40DB-AED2-ECE3BBC869C6}.Debug|x86.ActiveCfg = Debug|Any CPU
		{FF51D761-1F4D-40DB-AED2-ECE3BBC869C6}.Release|Any CPU.ActiveCfg = Release|Any CPU
		{FF51D761-1F4D-40DB-AED2-ECE3BBC869C6}.Release|Any CPU.Build.0 = Release|Any CPU
		{FF51D761-1F4D-40DB-AED2-ECE3BBC869C6}.Release|ARM.ActiveCfg = Release|Any CPU
		{FF51D761-1F4D-40DB-AED2-ECE3BBC869C6}.Release|x64.ActiveCfg = Release|Any CPU
		{FF51D761-1F4D-40DB-AED2-ECE3BBC869C6}.Release|x86.ActiveCfg = Release|Any CPU
		{39FB8CDE-28D4-4969-A1CD-657669904BBC}.Debug|Any CPU.ActiveCfg = Debug|Any CPU
		{39FB8CDE-28D4-4969-A1CD-657669904BBC}.Debug|Any CPU.Build.0 = Debug|Any CPU
		{39FB8CDE-28D4-4969-A1CD-657669904BBC}.Debug|ARM.ActiveCfg = Debug|Any CPU
		{39FB8CDE-28D4-4969-A1CD-657669904BBC}.Debug|x64.ActiveCfg = Debug|Any CPU
		{39FB8CDE-28D4-4969-A1CD-657669904BBC}.Debug|x86.ActiveCfg = Debug|Any CPU
		{39FB8CDE-28D4-4969-A1CD-657669904BBC}.Release|Any CPU.ActiveCfg = Release|Any CPU
		{39FB8CDE-28D4-4969-A1CD-657669904BBC}.Release|Any CPU.Build.0 = Release|Any CPU
		{39FB8CDE-28D4-4969-A1CD-657669904BBC}.Release|ARM.ActiveCfg = Release|Any CPU
		{39FB8CDE-28D4-4969-A1CD-657669904BBC}.Release|x64.ActiveCfg = Release|Any CPU
		{39FB8CDE-28D4-4969-A1CD-657669904BBC}.Release|x86.ActiveCfg = Release|Any CPU
		{DF2D3173-77A1-4ECB-A6DE-7C3265091F6A}.Debug|Any CPU.ActiveCfg = Debug|Any CPU
		{DF2D3173-77A1-4ECB-A6DE-7C3265091F6A}.Debug|Any CPU.Build.0 = Debug|Any CPU
		{DF2D3173-77A1-4ECB-A6DE-7C3265091F6A}.Debug|ARM.ActiveCfg = Debug|Any CPU
		{DF2D3173-77A1-4ECB-A6DE-7C3265091F6A}.Debug|x64.ActiveCfg = Debug|Any CPU
		{DF2D3173-77A1-4ECB-A6DE-7C3265091F6A}.Debug|x86.ActiveCfg = Debug|Any CPU
		{DF2D3173-77A1-4ECB-A6DE-7C3265091F6A}.Release|Any CPU.ActiveCfg = Release|Any CPU
		{DF2D3173-77A1-4ECB-A6DE-7C3265091F6A}.Release|Any CPU.Build.0 = Release|Any CPU
		{DF2D3173-77A1-4ECB-A6DE-7C3265091F6A}.Release|ARM.ActiveCfg = Release|Any CPU
		{DF2D3173-77A1-4ECB-A6DE-7C3265091F6A}.Release|x64.ActiveCfg = Release|Any CPU
		{DF2D3173-77A1-4ECB-A6DE-7C3265091F6A}.Release|x86.ActiveCfg = Release|Any CPU
		{EE3A5556-EBF3-45AA-BEB7-A134A6DD2C9F}.Debug|Any CPU.ActiveCfg = Debug|Any CPU
		{EE3A5556-EBF3-45AA-BEB7-A134A6DD2C9F}.Debug|Any CPU.Build.0 = Debug|Any CPU
		{EE3A5556-EBF3-45AA-BEB7-A134A6DD2C9F}.Debug|ARM.ActiveCfg = Debug|Any CPU
		{EE3A5556-EBF3-45AA-BEB7-A134A6DD2C9F}.Debug|x64.ActiveCfg = Debug|Any CPU
		{EE3A5556-EBF3-45AA-BEB7-A134A6DD2C9F}.Debug|x86.ActiveCfg = Debug|Any CPU
		{EE3A5556-EBF3-45AA-BEB7-A134A6DD2C9F}.Release|Any CPU.ActiveCfg = Release|Any CPU
		{EE3A5556-EBF3-45AA-BEB7-A134A6DD2C9F}.Release|Any CPU.Build.0 = Release|Any CPU
		{EE3A5556-EBF3-45AA-BEB7-A134A6DD2C9F}.Release|ARM.ActiveCfg = Release|Any CPU
		{EE3A5556-EBF3-45AA-BEB7-A134A6DD2C9F}.Release|x64.ActiveCfg = Release|Any CPU
		{EE3A5556-EBF3-45AA-BEB7-A134A6DD2C9F}.Release|x86.ActiveCfg = Release|Any CPU
		{EE158402-E562-4296-BBA6-81BFEC9F2C9D}.Debug|Any CPU.ActiveCfg = Debug|Any CPU
		{EE158402-E562-4296-BBA6-81BFEC9F2C9D}.Debug|Any CPU.Build.0 = Debug|Any CPU
		{EE158402-E562-4296-BBA6-81BFEC9F2C9D}.Debug|ARM.ActiveCfg = Debug|Any CPU
		{EE158402-E562-4296-BBA6-81BFEC9F2C9D}.Debug|x64.ActiveCfg = Debug|Any CPU
		{EE158402-E562-4296-BBA6-81BFEC9F2C9D}.Debug|x86.ActiveCfg = Debug|Any CPU
		{EE158402-E562-4296-BBA6-81BFEC9F2C9D}.Release|Any CPU.ActiveCfg = Release|Any CPU
		{EE158402-E562-4296-BBA6-81BFEC9F2C9D}.Release|Any CPU.Build.0 = Release|Any CPU
		{EE158402-E562-4296-BBA6-81BFEC9F2C9D}.Release|ARM.ActiveCfg = Release|Any CPU
		{EE158402-E562-4296-BBA6-81BFEC9F2C9D}.Release|x64.ActiveCfg = Release|Any CPU
		{EE158402-E562-4296-BBA6-81BFEC9F2C9D}.Release|x86.ActiveCfg = Release|Any CPU
		{4A1966E2-1465-4CAB-AA5C-FB35222CFD13}.Debug|Any CPU.ActiveCfg = Debug|Any CPU
		{4A1966E2-1465-4CAB-AA5C-FB35222CFD13}.Debug|Any CPU.Build.0 = Debug|Any CPU
		{4A1966E2-1465-4CAB-AA5C-FB35222CFD13}.Debug|ARM.ActiveCfg = Debug|Any CPU
		{4A1966E2-1465-4CAB-AA5C-FB35222CFD13}.Debug|x64.ActiveCfg = Debug|Any CPU
		{4A1966E2-1465-4CAB-AA5C-FB35222CFD13}.Debug|x86.ActiveCfg = Debug|Any CPU
		{4A1966E2-1465-4CAB-AA5C-FB35222CFD13}.Release|Any CPU.ActiveCfg = Release|Any CPU
		{4A1966E2-1465-4CAB-AA5C-FB35222CFD13}.Release|Any CPU.Build.0 = Release|Any CPU
		{4A1966E2-1465-4CAB-AA5C-FB35222CFD13}.Release|ARM.ActiveCfg = Release|Any CPU
		{4A1966E2-1465-4CAB-AA5C-FB35222CFD13}.Release|x64.ActiveCfg = Release|Any CPU
		{4A1966E2-1465-4CAB-AA5C-FB35222CFD13}.Release|x86.ActiveCfg = Release|Any CPU
		{9A53CF78-6CEE-4C80-91DB-0F266D255C93}.Debug|Any CPU.ActiveCfg = Debug|Any CPU
		{9A53CF78-6CEE-4C80-91DB-0F266D255C93}.Debug|Any CPU.Build.0 = Debug|Any CPU
		{9A53CF78-6CEE-4C80-91DB-0F266D255C93}.Debug|ARM.ActiveCfg = Debug|Any CPU
		{9A53CF78-6CEE-4C80-91DB-0F266D255C93}.Debug|x64.ActiveCfg = Debug|Any CPU
		{9A53CF78-6CEE-4C80-91DB-0F266D255C93}.Debug|x86.ActiveCfg = Debug|Any CPU
		{9A53CF78-6CEE-4C80-91DB-0F266D255C93}.Release|Any CPU.ActiveCfg = Release|Any CPU
		{9A53CF78-6CEE-4C80-91DB-0F266D255C93}.Release|Any CPU.Build.0 = Release|Any CPU
		{9A53CF78-6CEE-4C80-91DB-0F266D255C93}.Release|ARM.ActiveCfg = Release|Any CPU
		{9A53CF78-6CEE-4C80-91DB-0F266D255C93}.Release|x64.ActiveCfg = Release|Any CPU
		{9A53CF78-6CEE-4C80-91DB-0F266D255C93}.Release|x86.ActiveCfg = Release|Any CPU
		{8457E95C-4F52-4BEE-97D8-433CFDF6E26A}.Debug|Any CPU.ActiveCfg = Debug|Any CPU
		{8457E95C-4F52-4BEE-97D8-433CFDF6E26A}.Debug|Any CPU.Build.0 = Debug|Any CPU
		{8457E95C-4F52-4BEE-97D8-433CFDF6E26A}.Debug|ARM.ActiveCfg = Debug|Any CPU
		{8457E95C-4F52-4BEE-97D8-433CFDF6E26A}.Debug|x64.ActiveCfg = Debug|Any CPU
		{8457E95C-4F52-4BEE-97D8-433CFDF6E26A}.Debug|x86.ActiveCfg = Debug|Any CPU
		{8457E95C-4F52-4BEE-97D8-433CFDF6E26A}.Release|Any CPU.ActiveCfg = Release|Any CPU
		{8457E95C-4F52-4BEE-97D8-433CFDF6E26A}.Release|Any CPU.Build.0 = Release|Any CPU
		{8457E95C-4F52-4BEE-97D8-433CFDF6E26A}.Release|ARM.ActiveCfg = Release|Any CPU
		{8457E95C-4F52-4BEE-97D8-433CFDF6E26A}.Release|x64.ActiveCfg = Release|Any CPU
		{8457E95C-4F52-4BEE-97D8-433CFDF6E26A}.Release|x86.ActiveCfg = Release|Any CPU
		{D891475D-CD3E-49B0-ADEF-2BE370DE7A0F}.Debug|Any CPU.ActiveCfg = Debug|Any CPU
		{D891475D-CD3E-49B0-ADEF-2BE370DE7A0F}.Debug|Any CPU.Build.0 = Debug|Any CPU
		{D891475D-CD3E-49B0-ADEF-2BE370DE7A0F}.Debug|ARM.ActiveCfg = Debug|Any CPU
		{D891475D-CD3E-49B0-ADEF-2BE370DE7A0F}.Debug|x64.ActiveCfg = Debug|Any CPU
		{D891475D-CD3E-49B0-ADEF-2BE370DE7A0F}.Debug|x86.ActiveCfg = Debug|Any CPU
		{D891475D-CD3E-49B0-ADEF-2BE370DE7A0F}.Release|Any CPU.ActiveCfg = Release|Any CPU
		{D891475D-CD3E-49B0-ADEF-2BE370DE7A0F}.Release|Any CPU.Build.0 = Release|Any CPU
		{D891475D-CD3E-49B0-ADEF-2BE370DE7A0F}.Release|ARM.ActiveCfg = Release|Any CPU
		{D891475D-CD3E-49B0-ADEF-2BE370DE7A0F}.Release|x64.ActiveCfg = Release|Any CPU
		{D891475D-CD3E-49B0-ADEF-2BE370DE7A0F}.Release|x86.ActiveCfg = Release|Any CPU
		{623C3276-F8A5-4B48-8524-83C535C4E6F9}.Debug|Any CPU.ActiveCfg = Debug|Any CPU
		{623C3276-F8A5-4B48-8524-83C535C4E6F9}.Debug|Any CPU.Build.0 = Debug|Any CPU
		{623C3276-F8A5-4B48-8524-83C535C4E6F9}.Debug|ARM.ActiveCfg = Debug|Any CPU
		{623C3276-F8A5-4B48-8524-83C535C4E6F9}.Debug|x64.ActiveCfg = Debug|Any CPU
		{623C3276-F8A5-4B48-8524-83C535C4E6F9}.Debug|x86.ActiveCfg = Debug|Any CPU
		{623C3276-F8A5-4B48-8524-83C535C4E6F9}.Release|Any CPU.ActiveCfg = Release|Any CPU
		{623C3276-F8A5-4B48-8524-83C535C4E6F9}.Release|Any CPU.Build.0 = Release|Any CPU
		{623C3276-F8A5-4B48-8524-83C535C4E6F9}.Release|ARM.ActiveCfg = Release|Any CPU
		{623C3276-F8A5-4B48-8524-83C535C4E6F9}.Release|x64.ActiveCfg = Release|Any CPU
		{623C3276-F8A5-4B48-8524-83C535C4E6F9}.Release|x86.ActiveCfg = Release|Any CPU
		{B9B092B4-6636-445F-9198-9CD262D43604}.Debug|Any CPU.ActiveCfg = Debug|Any CPU
		{B9B092B4-6636-445F-9198-9CD262D43604}.Debug|Any CPU.Build.0 = Debug|Any CPU
		{B9B092B4-6636-445F-9198-9CD262D43604}.Debug|ARM.ActiveCfg = Debug|Any CPU
		{B9B092B4-6636-445F-9198-9CD262D43604}.Debug|x64.ActiveCfg = Debug|Any CPU
		{B9B092B4-6636-445F-9198-9CD262D43604}.Debug|x86.ActiveCfg = Debug|Any CPU
		{B9B092B4-6636-445F-9198-9CD262D43604}.Release|Any CPU.ActiveCfg = Release|Any CPU
		{B9B092B4-6636-445F-9198-9CD262D43604}.Release|Any CPU.Build.0 = Release|Any CPU
		{B9B092B4-6636-445F-9198-9CD262D43604}.Release|ARM.ActiveCfg = Release|Any CPU
		{B9B092B4-6636-445F-9198-9CD262D43604}.Release|x64.ActiveCfg = Release|Any CPU
		{B9B092B4-6636-445F-9198-9CD262D43604}.Release|x86.ActiveCfg = Release|Any CPU
		{908A57C6-7EC9-418A-A3A6-156702C04894}.Debug|Any CPU.ActiveCfg = Debug|Any CPU
		{908A57C6-7EC9-418A-A3A6-156702C04894}.Debug|Any CPU.Build.0 = Debug|Any CPU
		{908A57C6-7EC9-418A-A3A6-156702C04894}.Debug|ARM.ActiveCfg = Debug|Any CPU
		{908A57C6-7EC9-418A-A3A6-156702C04894}.Debug|x64.ActiveCfg = Debug|Any CPU
		{908A57C6-7EC9-418A-A3A6-156702C04894}.Debug|x86.ActiveCfg = Debug|Any CPU
		{908A57C6-7EC9-418A-A3A6-156702C04894}.Release|Any CPU.ActiveCfg = Release|Any CPU
		{908A57C6-7EC9-418A-A3A6-156702C04894}.Release|Any CPU.Build.0 = Release|Any CPU
		{908A57C6-7EC9-418A-A3A6-156702C04894}.Release|ARM.ActiveCfg = Release|Any CPU
		{908A57C6-7EC9-418A-A3A6-156702C04894}.Release|x64.ActiveCfg = Release|Any CPU
		{908A57C6-7EC9-418A-A3A6-156702C04894}.Release|x86.ActiveCfg = Release|Any CPU
		{BD4D293E-1080-4090-B111-CA174C1D0863}.Debug|Any CPU.ActiveCfg = Debug|Any CPU
		{BD4D293E-1080-4090-B111-CA174C1D0863}.Debug|Any CPU.Build.0 = Debug|Any CPU
		{BD4D293E-1080-4090-B111-CA174C1D0863}.Debug|ARM.ActiveCfg = Debug|Any CPU
		{BD4D293E-1080-4090-B111-CA174C1D0863}.Debug|x64.ActiveCfg = Debug|Any CPU
		{BD4D293E-1080-4090-B111-CA174C1D0863}.Debug|x86.ActiveCfg = Debug|Any CPU
		{BD4D293E-1080-4090-B111-CA174C1D0863}.Release|Any CPU.ActiveCfg = Release|Any CPU
		{BD4D293E-1080-4090-B111-CA174C1D0863}.Release|Any CPU.Build.0 = Release|Any CPU
		{BD4D293E-1080-4090-B111-CA174C1D0863}.Release|ARM.ActiveCfg = Release|Any CPU
		{BD4D293E-1080-4090-B111-CA174C1D0863}.Release|x64.ActiveCfg = Release|Any CPU
		{BD4D293E-1080-4090-B111-CA174C1D0863}.Release|x86.ActiveCfg = Release|Any CPU
		{3D21D36D-E0E2-46DA-9D12-5F058A79B15D}.Debug|Any CPU.ActiveCfg = Debug|Any CPU
		{3D21D36D-E0E2-46DA-9D12-5F058A79B15D}.Debug|Any CPU.Build.0 = Debug|Any CPU
		{3D21D36D-E0E2-46DA-9D12-5F058A79B15D}.Debug|ARM.ActiveCfg = Debug|Any CPU
		{3D21D36D-E0E2-46DA-9D12-5F058A79B15D}.Debug|x64.ActiveCfg = Debug|Any CPU
		{3D21D36D-E0E2-46DA-9D12-5F058A79B15D}.Debug|x86.ActiveCfg = Debug|Any CPU
		{3D21D36D-E0E2-46DA-9D12-5F058A79B15D}.Release|Any CPU.ActiveCfg = Release|Any CPU
		{3D21D36D-E0E2-46DA-9D12-5F058A79B15D}.Release|Any CPU.Build.0 = Release|Any CPU
		{3D21D36D-E0E2-46DA-9D12-5F058A79B15D}.Release|ARM.ActiveCfg = Release|Any CPU
		{3D21D36D-E0E2-46DA-9D12-5F058A79B15D}.Release|x64.ActiveCfg = Release|Any CPU
		{3D21D36D-E0E2-46DA-9D12-5F058A79B15D}.Release|x86.ActiveCfg = Release|Any CPU
		{09F53EFA-CA48-41A8-9EC4-D16B32F64198}.Debug|Any CPU.ActiveCfg = Debug|Any CPU
		{09F53EFA-CA48-41A8-9EC4-D16B32F64198}.Debug|Any CPU.Build.0 = Debug|Any CPU
		{09F53EFA-CA48-41A8-9EC4-D16B32F64198}.Debug|ARM.ActiveCfg = Debug|Any CPU
		{09F53EFA-CA48-41A8-9EC4-D16B32F64198}.Debug|x64.ActiveCfg = Debug|Any CPU
		{09F53EFA-CA48-41A8-9EC4-D16B32F64198}.Debug|x86.ActiveCfg = Debug|Any CPU
		{09F53EFA-CA48-41A8-9EC4-D16B32F64198}.Release|Any CPU.ActiveCfg = Release|Any CPU
		{09F53EFA-CA48-41A8-9EC4-D16B32F64198}.Release|Any CPU.Build.0 = Release|Any CPU
		{09F53EFA-CA48-41A8-9EC4-D16B32F64198}.Release|ARM.ActiveCfg = Release|Any CPU
		{09F53EFA-CA48-41A8-9EC4-D16B32F64198}.Release|x64.ActiveCfg = Release|Any CPU
		{09F53EFA-CA48-41A8-9EC4-D16B32F64198}.Release|x86.ActiveCfg = Release|Any CPU
		{4F76EBE9-B401-4BD2-BFE4-88739E848E6B}.Debug|Any CPU.ActiveCfg = Debug|Any CPU
		{4F76EBE9-B401-4BD2-BFE4-88739E848E6B}.Debug|Any CPU.Build.0 = Debug|Any CPU
		{4F76EBE9-B401-4BD2-BFE4-88739E848E6B}.Debug|ARM.ActiveCfg = Debug|Any CPU
		{4F76EBE9-B401-4BD2-BFE4-88739E848E6B}.Debug|x64.ActiveCfg = Debug|Any CPU
		{4F76EBE9-B401-4BD2-BFE4-88739E848E6B}.Debug|x86.ActiveCfg = Debug|Any CPU
		{4F76EBE9-B401-4BD2-BFE4-88739E848E6B}.Release|Any CPU.ActiveCfg = Release|Any CPU
		{4F76EBE9-B401-4BD2-BFE4-88739E848E6B}.Release|Any CPU.Build.0 = Release|Any CPU
		{4F76EBE9-B401-4BD2-BFE4-88739E848E6B}.Release|ARM.ActiveCfg = Release|Any CPU
		{4F76EBE9-B401-4BD2-BFE4-88739E848E6B}.Release|x64.ActiveCfg = Release|Any CPU
		{4F76EBE9-B401-4BD2-BFE4-88739E848E6B}.Release|x86.ActiveCfg = Release|Any CPU
		{47291451-5465-424E-B02C-6872A82BF065}.Debug|Any CPU.ActiveCfg = Debug|Any CPU
		{47291451-5465-424E-B02C-6872A82BF065}.Debug|Any CPU.Build.0 = Debug|Any CPU
		{47291451-5465-424E-B02C-6872A82BF065}.Debug|ARM.ActiveCfg = Debug|Any CPU
		{47291451-5465-424E-B02C-6872A82BF065}.Debug|x64.ActiveCfg = Debug|Any CPU
		{47291451-5465-424E-B02C-6872A82BF065}.Debug|x86.ActiveCfg = Debug|Any CPU
		{47291451-5465-424E-B02C-6872A82BF065}.Release|Any CPU.ActiveCfg = Release|Any CPU
		{47291451-5465-424E-B02C-6872A82BF065}.Release|Any CPU.Build.0 = Release|Any CPU
		{47291451-5465-424E-B02C-6872A82BF065}.Release|ARM.ActiveCfg = Release|Any CPU
		{47291451-5465-424E-B02C-6872A82BF065}.Release|x64.ActiveCfg = Release|Any CPU
		{47291451-5465-424E-B02C-6872A82BF065}.Release|x86.ActiveCfg = Release|Any CPU
		{FEC7333E-8ACF-40DF-99CE-4A7F3C67FB23}.Debug|Any CPU.ActiveCfg = Debug|Any CPU
		{FEC7333E-8ACF-40DF-99CE-4A7F3C67FB23}.Debug|Any CPU.Build.0 = Debug|Any CPU
		{FEC7333E-8ACF-40DF-99CE-4A7F3C67FB23}.Debug|ARM.ActiveCfg = Debug|Any CPU
		{FEC7333E-8ACF-40DF-99CE-4A7F3C67FB23}.Debug|x64.ActiveCfg = Debug|Any CPU
		{FEC7333E-8ACF-40DF-99CE-4A7F3C67FB23}.Debug|x86.ActiveCfg = Debug|Any CPU
		{FEC7333E-8ACF-40DF-99CE-4A7F3C67FB23}.Release|Any CPU.ActiveCfg = Release|Any CPU
		{FEC7333E-8ACF-40DF-99CE-4A7F3C67FB23}.Release|Any CPU.Build.0 = Release|Any CPU
		{FEC7333E-8ACF-40DF-99CE-4A7F3C67FB23}.Release|ARM.ActiveCfg = Release|Any CPU
		{FEC7333E-8ACF-40DF-99CE-4A7F3C67FB23}.Release|x64.ActiveCfg = Release|Any CPU
		{FEC7333E-8ACF-40DF-99CE-4A7F3C67FB23}.Release|x86.ActiveCfg = Release|Any CPU
		{0C63100E-3DFB-4975-A971-A28567445BB9}.Debug|Any CPU.ActiveCfg = Debug|Any CPU
		{0C63100E-3DFB-4975-A971-A28567445BB9}.Debug|Any CPU.Build.0 = Debug|Any CPU
		{0C63100E-3DFB-4975-A971-A28567445BB9}.Debug|ARM.ActiveCfg = Debug|Any CPU
		{0C63100E-3DFB-4975-A971-A28567445BB9}.Debug|x64.ActiveCfg = Debug|Any CPU
		{0C63100E-3DFB-4975-A971-A28567445BB9}.Debug|x86.ActiveCfg = Debug|Any CPU
		{0C63100E-3DFB-4975-A971-A28567445BB9}.Release|Any CPU.ActiveCfg = Release|Any CPU
		{0C63100E-3DFB-4975-A971-A28567445BB9}.Release|Any CPU.Build.0 = Release|Any CPU
		{0C63100E-3DFB-4975-A971-A28567445BB9}.Release|ARM.ActiveCfg = Release|Any CPU
		{0C63100E-3DFB-4975-A971-A28567445BB9}.Release|x64.ActiveCfg = Release|Any CPU
		{0C63100E-3DFB-4975-A971-A28567445BB9}.Release|x86.ActiveCfg = Release|Any CPU
		{F4AF0B2E-A97A-46F6-BDA9-62077890361F}.Debug|Any CPU.ActiveCfg = Debug|Any CPU
		{F4AF0B2E-A97A-46F6-BDA9-62077890361F}.Debug|Any CPU.Build.0 = Debug|Any CPU
		{F4AF0B2E-A97A-46F6-BDA9-62077890361F}.Debug|ARM.ActiveCfg = Debug|Any CPU
		{F4AF0B2E-A97A-46F6-BDA9-62077890361F}.Debug|x64.ActiveCfg = Debug|Any CPU
		{F4AF0B2E-A97A-46F6-BDA9-62077890361F}.Debug|x86.ActiveCfg = Debug|Any CPU
		{F4AF0B2E-A97A-46F6-BDA9-62077890361F}.Release|Any CPU.ActiveCfg = Release|Any CPU
		{F4AF0B2E-A97A-46F6-BDA9-62077890361F}.Release|Any CPU.Build.0 = Release|Any CPU
		{F4AF0B2E-A97A-46F6-BDA9-62077890361F}.Release|ARM.ActiveCfg = Release|Any CPU
		{F4AF0B2E-A97A-46F6-BDA9-62077890361F}.Release|x64.ActiveCfg = Release|Any CPU
		{F4AF0B2E-A97A-46F6-BDA9-62077890361F}.Release|x86.ActiveCfg = Release|Any CPU
		{981EEDF7-E968-4C9E-84D2-D7919B25CF68}.Debug|Any CPU.ActiveCfg = Debug|Any CPU
		{981EEDF7-E968-4C9E-84D2-D7919B25CF68}.Debug|Any CPU.Build.0 = Debug|Any CPU
		{981EEDF7-E968-4C9E-84D2-D7919B25CF68}.Debug|ARM.ActiveCfg = Debug|Any CPU
		{981EEDF7-E968-4C9E-84D2-D7919B25CF68}.Debug|x64.ActiveCfg = Debug|Any CPU
		{981EEDF7-E968-4C9E-84D2-D7919B25CF68}.Debug|x86.ActiveCfg = Debug|Any CPU
		{981EEDF7-E968-4C9E-84D2-D7919B25CF68}.Release|Any CPU.ActiveCfg = Release|Any CPU
		{981EEDF7-E968-4C9E-84D2-D7919B25CF68}.Release|Any CPU.Build.0 = Release|Any CPU
		{981EEDF7-E968-4C9E-84D2-D7919B25CF68}.Release|ARM.ActiveCfg = Release|Any CPU
		{981EEDF7-E968-4C9E-84D2-D7919B25CF68}.Release|x64.ActiveCfg = Release|Any CPU
		{981EEDF7-E968-4C9E-84D2-D7919B25CF68}.Release|x86.ActiveCfg = Release|Any CPU
		{AB6953B2-BDFF-4E17-8B86-5B3F41D0D847}.Debug|Any CPU.ActiveCfg = Debug|Any CPU
		{AB6953B2-BDFF-4E17-8B86-5B3F41D0D847}.Debug|Any CPU.Build.0 = Debug|Any CPU
		{AB6953B2-BDFF-4E17-8B86-5B3F41D0D847}.Debug|ARM.ActiveCfg = Debug|Any CPU
		{AB6953B2-BDFF-4E17-8B86-5B3F41D0D847}.Debug|x64.ActiveCfg = Debug|Any CPU
		{AB6953B2-BDFF-4E17-8B86-5B3F41D0D847}.Debug|x86.ActiveCfg = Debug|Any CPU
		{AB6953B2-BDFF-4E17-8B86-5B3F41D0D847}.Release|Any CPU.ActiveCfg = Release|Any CPU
		{AB6953B2-BDFF-4E17-8B86-5B3F41D0D847}.Release|Any CPU.Build.0 = Release|Any CPU
		{AB6953B2-BDFF-4E17-8B86-5B3F41D0D847}.Release|ARM.ActiveCfg = Release|Any CPU
		{AB6953B2-BDFF-4E17-8B86-5B3F41D0D847}.Release|x64.ActiveCfg = Release|Any CPU
		{AB6953B2-BDFF-4E17-8B86-5B3F41D0D847}.Release|x86.ActiveCfg = Release|Any CPU
		{E91E0B30-1606-4ED4-94AA-8E785AF3FA5B}.Debug|Any CPU.ActiveCfg = Debug|Any CPU
		{E91E0B30-1606-4ED4-94AA-8E785AF3FA5B}.Debug|Any CPU.Build.0 = Debug|Any CPU
		{E91E0B30-1606-4ED4-94AA-8E785AF3FA5B}.Debug|ARM.ActiveCfg = Debug|Any CPU
		{E91E0B30-1606-4ED4-94AA-8E785AF3FA5B}.Debug|x64.ActiveCfg = Debug|Any CPU
		{E91E0B30-1606-4ED4-94AA-8E785AF3FA5B}.Debug|x86.ActiveCfg = Debug|Any CPU
		{E91E0B30-1606-4ED4-94AA-8E785AF3FA5B}.Release|Any CPU.ActiveCfg = Release|Any CPU
		{E91E0B30-1606-4ED4-94AA-8E785AF3FA5B}.Release|Any CPU.Build.0 = Release|Any CPU
		{E91E0B30-1606-4ED4-94AA-8E785AF3FA5B}.Release|ARM.ActiveCfg = Release|Any CPU
		{E91E0B30-1606-4ED4-94AA-8E785AF3FA5B}.Release|x64.ActiveCfg = Release|Any CPU
		{E91E0B30-1606-4ED4-94AA-8E785AF3FA5B}.Release|x86.ActiveCfg = Release|Any CPU
		{3610E696-E361-4F8F-8799-0A22B7AC7160}.Debug|Any CPU.ActiveCfg = Debug|Any CPU
		{3610E696-E361-4F8F-8799-0A22B7AC7160}.Debug|Any CPU.Build.0 = Debug|Any CPU
		{3610E696-E361-4F8F-8799-0A22B7AC7160}.Debug|ARM.ActiveCfg = Debug|Any CPU
		{3610E696-E361-4F8F-8799-0A22B7AC7160}.Debug|x64.ActiveCfg = Debug|Any CPU
		{3610E696-E361-4F8F-8799-0A22B7AC7160}.Debug|x86.ActiveCfg = Debug|Any CPU
		{3610E696-E361-4F8F-8799-0A22B7AC7160}.Release|Any CPU.ActiveCfg = Release|Any CPU
		{3610E696-E361-4F8F-8799-0A22B7AC7160}.Release|Any CPU.Build.0 = Release|Any CPU
		{3610E696-E361-4F8F-8799-0A22B7AC7160}.Release|ARM.ActiveCfg = Release|Any CPU
		{3610E696-E361-4F8F-8799-0A22B7AC7160}.Release|x64.ActiveCfg = Release|Any CPU
		{3610E696-E361-4F8F-8799-0A22B7AC7160}.Release|x86.ActiveCfg = Release|Any CPU
		{8E096440-3171-4D99-9E09-36A0A10CD94C}.Debug|Any CPU.ActiveCfg = Debug|Any CPU
		{8E096440-3171-4D99-9E09-36A0A10CD94C}.Debug|Any CPU.Build.0 = Debug|Any CPU
		{8E096440-3171-4D99-9E09-36A0A10CD94C}.Debug|ARM.ActiveCfg = Debug|Any CPU
		{8E096440-3171-4D99-9E09-36A0A10CD94C}.Debug|x64.ActiveCfg = Debug|Any CPU
		{8E096440-3171-4D99-9E09-36A0A10CD94C}.Debug|x86.ActiveCfg = Debug|Any CPU
		{8E096440-3171-4D99-9E09-36A0A10CD94C}.Release|Any CPU.ActiveCfg = Release|Any CPU
		{8E096440-3171-4D99-9E09-36A0A10CD94C}.Release|Any CPU.Build.0 = Release|Any CPU
		{8E096440-3171-4D99-9E09-36A0A10CD94C}.Release|ARM.ActiveCfg = Release|Any CPU
		{8E096440-3171-4D99-9E09-36A0A10CD94C}.Release|x64.ActiveCfg = Release|Any CPU
		{8E096440-3171-4D99-9E09-36A0A10CD94C}.Release|x86.ActiveCfg = Release|Any CPU
		{067E7F12-A524-44F7-9650-59E2C5D5DB9D}.Debug|Any CPU.ActiveCfg = Debug|Any CPU
		{067E7F12-A524-44F7-9650-59E2C5D5DB9D}.Debug|Any CPU.Build.0 = Debug|Any CPU
		{067E7F12-A524-44F7-9650-59E2C5D5DB9D}.Debug|ARM.ActiveCfg = Debug|Any CPU
		{067E7F12-A524-44F7-9650-59E2C5D5DB9D}.Debug|x64.ActiveCfg = Debug|Any CPU
		{067E7F12-A524-44F7-9650-59E2C5D5DB9D}.Debug|x86.ActiveCfg = Debug|Any CPU
		{067E7F12-A524-44F7-9650-59E2C5D5DB9D}.Release|Any CPU.ActiveCfg = Release|Any CPU
		{067E7F12-A524-44F7-9650-59E2C5D5DB9D}.Release|Any CPU.Build.0 = Release|Any CPU
		{067E7F12-A524-44F7-9650-59E2C5D5DB9D}.Release|ARM.ActiveCfg = Release|Any CPU
		{067E7F12-A524-44F7-9650-59E2C5D5DB9D}.Release|x64.ActiveCfg = Release|Any CPU
		{067E7F12-A524-44F7-9650-59E2C5D5DB9D}.Release|x86.ActiveCfg = Release|Any CPU
		{D9A87682-9C18-4A48-A6DA-97562A84DBA5}.Debug|Any CPU.ActiveCfg = Debug|Any CPU
		{D9A87682-9C18-4A48-A6DA-97562A84DBA5}.Debug|Any CPU.Build.0 = Debug|Any CPU
		{D9A87682-9C18-4A48-A6DA-97562A84DBA5}.Debug|ARM.ActiveCfg = Debug|Any CPU
		{D9A87682-9C18-4A48-A6DA-97562A84DBA5}.Debug|x64.ActiveCfg = Debug|Any CPU
		{D9A87682-9C18-4A48-A6DA-97562A84DBA5}.Debug|x86.ActiveCfg = Debug|Any CPU
		{D9A87682-9C18-4A48-A6DA-97562A84DBA5}.Release|Any CPU.ActiveCfg = Release|Any CPU
		{D9A87682-9C18-4A48-A6DA-97562A84DBA5}.Release|Any CPU.Build.0 = Release|Any CPU
		{D9A87682-9C18-4A48-A6DA-97562A84DBA5}.Release|ARM.ActiveCfg = Release|Any CPU
		{D9A87682-9C18-4A48-A6DA-97562A84DBA5}.Release|x64.ActiveCfg = Release|Any CPU
		{D9A87682-9C18-4A48-A6DA-97562A84DBA5}.Release|x86.ActiveCfg = Release|Any CPU
		{325A9BB1-4D15-476A-A618-02A102DF0B49}.Debug|Any CPU.ActiveCfg = Debug|Any CPU
		{325A9BB1-4D15-476A-A618-02A102DF0B49}.Debug|Any CPU.Build.0 = Debug|Any CPU
		{325A9BB1-4D15-476A-A618-02A102DF0B49}.Debug|ARM.ActiveCfg = Debug|Any CPU
		{325A9BB1-4D15-476A-A618-02A102DF0B49}.Debug|x64.ActiveCfg = Debug|Any CPU
		{325A9BB1-4D15-476A-A618-02A102DF0B49}.Debug|x86.ActiveCfg = Debug|Any CPU
		{325A9BB1-4D15-476A-A618-02A102DF0B49}.Release|Any CPU.ActiveCfg = Release|Any CPU
		{325A9BB1-4D15-476A-A618-02A102DF0B49}.Release|Any CPU.Build.0 = Release|Any CPU
		{325A9BB1-4D15-476A-A618-02A102DF0B49}.Release|ARM.ActiveCfg = Release|Any CPU
		{325A9BB1-4D15-476A-A618-02A102DF0B49}.Release|x64.ActiveCfg = Release|Any CPU
		{325A9BB1-4D15-476A-A618-02A102DF0B49}.Release|x86.ActiveCfg = Release|Any CPU
		{C483304B-3886-439A-81EB-8C4D25692C2F}.Debug|Any CPU.ActiveCfg = Debug|Any CPU
		{C483304B-3886-439A-81EB-8C4D25692C2F}.Debug|Any CPU.Build.0 = Debug|Any CPU
		{C483304B-3886-439A-81EB-8C4D25692C2F}.Debug|ARM.ActiveCfg = Debug|Any CPU
		{C483304B-3886-439A-81EB-8C4D25692C2F}.Debug|x64.ActiveCfg = Debug|Any CPU
		{C483304B-3886-439A-81EB-8C4D25692C2F}.Debug|x86.ActiveCfg = Debug|Any CPU
		{C483304B-3886-439A-81EB-8C4D25692C2F}.Release|Any CPU.ActiveCfg = Release|Any CPU
		{C483304B-3886-439A-81EB-8C4D25692C2F}.Release|Any CPU.Build.0 = Release|Any CPU
		{C483304B-3886-439A-81EB-8C4D25692C2F}.Release|ARM.ActiveCfg = Release|Any CPU
		{C483304B-3886-439A-81EB-8C4D25692C2F}.Release|x64.ActiveCfg = Release|Any CPU
		{C483304B-3886-439A-81EB-8C4D25692C2F}.Release|x86.ActiveCfg = Release|Any CPU
		{7BF97FB8-350B-4418-A8BD-108895C0D648}.Debug|Any CPU.ActiveCfg = Debug|Any CPU
		{7BF97FB8-350B-4418-A8BD-108895C0D648}.Debug|Any CPU.Build.0 = Debug|Any CPU
		{7BF97FB8-350B-4418-A8BD-108895C0D648}.Debug|ARM.ActiveCfg = Debug|Any CPU
		{7BF97FB8-350B-4418-A8BD-108895C0D648}.Debug|x64.ActiveCfg = Debug|Any CPU
		{7BF97FB8-350B-4418-A8BD-108895C0D648}.Debug|x86.ActiveCfg = Debug|Any CPU
		{7BF97FB8-350B-4418-A8BD-108895C0D648}.Release|Any CPU.ActiveCfg = Release|Any CPU
		{7BF97FB8-350B-4418-A8BD-108895C0D648}.Release|Any CPU.Build.0 = Release|Any CPU
		{7BF97FB8-350B-4418-A8BD-108895C0D648}.Release|ARM.ActiveCfg = Release|Any CPU
		{7BF97FB8-350B-4418-A8BD-108895C0D648}.Release|x64.ActiveCfg = Release|Any CPU
		{7BF97FB8-350B-4418-A8BD-108895C0D648}.Release|x86.ActiveCfg = Release|Any CPU
		{1166E266-C183-4D63-9584-155BD1F9F2F9}.Debug|Any CPU.ActiveCfg = Debug|Any CPU
		{1166E266-C183-4D63-9584-155BD1F9F2F9}.Debug|Any CPU.Build.0 = Debug|Any CPU
		{1166E266-C183-4D63-9584-155BD1F9F2F9}.Debug|ARM.ActiveCfg = Debug|Any CPU
		{1166E266-C183-4D63-9584-155BD1F9F2F9}.Debug|x64.ActiveCfg = Debug|Any CPU
		{1166E266-C183-4D63-9584-155BD1F9F2F9}.Debug|x86.ActiveCfg = Debug|Any CPU
		{1166E266-C183-4D63-9584-155BD1F9F2F9}.Release|Any CPU.ActiveCfg = Release|Any CPU
		{1166E266-C183-4D63-9584-155BD1F9F2F9}.Release|Any CPU.Build.0 = Release|Any CPU
		{1166E266-C183-4D63-9584-155BD1F9F2F9}.Release|ARM.ActiveCfg = Release|Any CPU
		{1166E266-C183-4D63-9584-155BD1F9F2F9}.Release|x64.ActiveCfg = Release|Any CPU
		{1166E266-C183-4D63-9584-155BD1F9F2F9}.Release|x86.ActiveCfg = Release|Any CPU
		{2C4D3421-762A-445C-A69D-8BF00799394D}.Debug|Any CPU.ActiveCfg = Debug|Any CPU
		{2C4D3421-762A-445C-A69D-8BF00799394D}.Debug|Any CPU.Build.0 = Debug|Any CPU
		{2C4D3421-762A-445C-A69D-8BF00799394D}.Debug|ARM.ActiveCfg = Debug|Any CPU
		{2C4D3421-762A-445C-A69D-8BF00799394D}.Debug|x64.ActiveCfg = Debug|Any CPU
		{2C4D3421-762A-445C-A69D-8BF00799394D}.Debug|x86.ActiveCfg = Debug|Any CPU
		{2C4D3421-762A-445C-A69D-8BF00799394D}.Release|Any CPU.ActiveCfg = Release|Any CPU
		{2C4D3421-762A-445C-A69D-8BF00799394D}.Release|Any CPU.Build.0 = Release|Any CPU
		{2C4D3421-762A-445C-A69D-8BF00799394D}.Release|ARM.ActiveCfg = Release|Any CPU
		{2C4D3421-762A-445C-A69D-8BF00799394D}.Release|x64.ActiveCfg = Release|Any CPU
		{2C4D3421-762A-445C-A69D-8BF00799394D}.Release|x86.ActiveCfg = Release|Any CPU
		{96234770-8ED2-4ED1-BF00-C133BCCFB94C}.Debug|Any CPU.ActiveCfg = Debug|Any CPU
		{96234770-8ED2-4ED1-BF00-C133BCCFB94C}.Debug|Any CPU.Build.0 = Debug|Any CPU
		{96234770-8ED2-4ED1-BF00-C133BCCFB94C}.Debug|ARM.ActiveCfg = Debug|Any CPU
		{96234770-8ED2-4ED1-BF00-C133BCCFB94C}.Debug|x64.ActiveCfg = Debug|Any CPU
		{96234770-8ED2-4ED1-BF00-C133BCCFB94C}.Debug|x86.ActiveCfg = Debug|Any CPU
		{96234770-8ED2-4ED1-BF00-C133BCCFB94C}.Release|Any CPU.ActiveCfg = Release|Any CPU
		{96234770-8ED2-4ED1-BF00-C133BCCFB94C}.Release|Any CPU.Build.0 = Release|Any CPU
		{96234770-8ED2-4ED1-BF00-C133BCCFB94C}.Release|ARM.ActiveCfg = Release|Any CPU
		{96234770-8ED2-4ED1-BF00-C133BCCFB94C}.Release|x64.ActiveCfg = Release|Any CPU
		{96234770-8ED2-4ED1-BF00-C133BCCFB94C}.Release|x86.ActiveCfg = Release|Any CPU
		{C0EE46E4-0B6C-4DAE-A4E3-B3FAE9B7A03E}.Debug|Any CPU.ActiveCfg = Debug|Any CPU
		{C0EE46E4-0B6C-4DAE-A4E3-B3FAE9B7A03E}.Debug|Any CPU.Build.0 = Debug|Any CPU
		{C0EE46E4-0B6C-4DAE-A4E3-B3FAE9B7A03E}.Debug|ARM.ActiveCfg = Debug|Any CPU
		{C0EE46E4-0B6C-4DAE-A4E3-B3FAE9B7A03E}.Debug|x64.ActiveCfg = Debug|Any CPU
		{C0EE46E4-0B6C-4DAE-A4E3-B3FAE9B7A03E}.Debug|x86.ActiveCfg = Debug|Any CPU
		{C0EE46E4-0B6C-4DAE-A4E3-B3FAE9B7A03E}.Release|Any CPU.ActiveCfg = Release|Any CPU
		{C0EE46E4-0B6C-4DAE-A4E3-B3FAE9B7A03E}.Release|Any CPU.Build.0 = Release|Any CPU
		{C0EE46E4-0B6C-4DAE-A4E3-B3FAE9B7A03E}.Release|ARM.ActiveCfg = Release|Any CPU
		{C0EE46E4-0B6C-4DAE-A4E3-B3FAE9B7A03E}.Release|x64.ActiveCfg = Release|Any CPU
		{C0EE46E4-0B6C-4DAE-A4E3-B3FAE9B7A03E}.Release|x86.ActiveCfg = Release|Any CPU
		{5DA986DA-B85C-42B9-A326-2E46CD98532A}.Debug|Any CPU.ActiveCfg = Debug|Any CPU
		{5DA986DA-B85C-42B9-A326-2E46CD98532A}.Debug|Any CPU.Build.0 = Debug|Any CPU
		{5DA986DA-B85C-42B9-A326-2E46CD98532A}.Debug|ARM.ActiveCfg = Debug|Any CPU
		{5DA986DA-B85C-42B9-A326-2E46CD98532A}.Debug|x64.ActiveCfg = Debug|Any CPU
		{5DA986DA-B85C-42B9-A326-2E46CD98532A}.Debug|x86.ActiveCfg = Debug|Any CPU
		{5DA986DA-B85C-42B9-A326-2E46CD98532A}.Release|Any CPU.ActiveCfg = Release|Any CPU
		{5DA986DA-B85C-42B9-A326-2E46CD98532A}.Release|Any CPU.Build.0 = Release|Any CPU
		{5DA986DA-B85C-42B9-A326-2E46CD98532A}.Release|ARM.ActiveCfg = Release|Any CPU
		{5DA986DA-B85C-42B9-A326-2E46CD98532A}.Release|x64.ActiveCfg = Release|Any CPU
		{5DA986DA-B85C-42B9-A326-2E46CD98532A}.Release|x86.ActiveCfg = Release|Any CPU
		{F23AD9E4-96A3-413F-984A-1AE7BF15BC18}.Debug|Any CPU.ActiveCfg = Debug|Any CPU
		{F23AD9E4-96A3-413F-984A-1AE7BF15BC18}.Debug|Any CPU.Build.0 = Debug|Any CPU
		{F23AD9E4-96A3-413F-984A-1AE7BF15BC18}.Debug|ARM.ActiveCfg = Debug|Any CPU
		{F23AD9E4-96A3-413F-984A-1AE7BF15BC18}.Debug|x64.ActiveCfg = Debug|Any CPU
		{F23AD9E4-96A3-413F-984A-1AE7BF15BC18}.Debug|x86.ActiveCfg = Debug|Any CPU
		{F23AD9E4-96A3-413F-984A-1AE7BF15BC18}.Release|Any CPU.ActiveCfg = Release|Any CPU
		{F23AD9E4-96A3-413F-984A-1AE7BF15BC18}.Release|Any CPU.Build.0 = Release|Any CPU
		{F23AD9E4-96A3-413F-984A-1AE7BF15BC18}.Release|ARM.ActiveCfg = Release|Any CPU
		{F23AD9E4-96A3-413F-984A-1AE7BF15BC18}.Release|x64.ActiveCfg = Release|Any CPU
		{F23AD9E4-96A3-413F-984A-1AE7BF15BC18}.Release|x86.ActiveCfg = Release|Any CPU
		{A5478C45-E1EB-45DF-ABB7-A4DF18AF1E5D}.Debug|Any CPU.ActiveCfg = Debug|Any CPU
		{A5478C45-E1EB-45DF-ABB7-A4DF18AF1E5D}.Debug|Any CPU.Build.0 = Debug|Any CPU
		{A5478C45-E1EB-45DF-ABB7-A4DF18AF1E5D}.Debug|ARM.ActiveCfg = Debug|Any CPU
		{A5478C45-E1EB-45DF-ABB7-A4DF18AF1E5D}.Debug|x64.ActiveCfg = Debug|Any CPU
		{A5478C45-E1EB-45DF-ABB7-A4DF18AF1E5D}.Debug|x86.ActiveCfg = Debug|Any CPU
		{A5478C45-E1EB-45DF-ABB7-A4DF18AF1E5D}.Release|Any CPU.ActiveCfg = Release|Any CPU
		{A5478C45-E1EB-45DF-ABB7-A4DF18AF1E5D}.Release|Any CPU.Build.0 = Release|Any CPU
		{A5478C45-E1EB-45DF-ABB7-A4DF18AF1E5D}.Release|ARM.ActiveCfg = Release|Any CPU
		{A5478C45-E1EB-45DF-ABB7-A4DF18AF1E5D}.Release|x64.ActiveCfg = Release|Any CPU
		{A5478C45-E1EB-45DF-ABB7-A4DF18AF1E5D}.Release|x86.ActiveCfg = Release|Any CPU
		{C435483A-0D00-4DF6-8F7D-0E06D8024D5C}.Debug|Any CPU.ActiveCfg = Debug|Any CPU
		{C435483A-0D00-4DF6-8F7D-0E06D8024D5C}.Debug|Any CPU.Build.0 = Debug|Any CPU
		{C435483A-0D00-4DF6-8F7D-0E06D8024D5C}.Debug|ARM.ActiveCfg = Debug|Any CPU
		{C435483A-0D00-4DF6-8F7D-0E06D8024D5C}.Debug|x64.ActiveCfg = Debug|Any CPU
		{C435483A-0D00-4DF6-8F7D-0E06D8024D5C}.Debug|x86.ActiveCfg = Debug|Any CPU
		{C435483A-0D00-4DF6-8F7D-0E06D8024D5C}.Release|Any CPU.ActiveCfg = Release|Any CPU
		{C435483A-0D00-4DF6-8F7D-0E06D8024D5C}.Release|Any CPU.Build.0 = Release|Any CPU
		{C435483A-0D00-4DF6-8F7D-0E06D8024D5C}.Release|ARM.ActiveCfg = Release|Any CPU
		{C435483A-0D00-4DF6-8F7D-0E06D8024D5C}.Release|x64.ActiveCfg = Release|Any CPU
		{C435483A-0D00-4DF6-8F7D-0E06D8024D5C}.Release|x86.ActiveCfg = Release|Any CPU
		{B2F80764-4DF5-400F-A2D0-5C3DD521FB19}.Debug|Any CPU.ActiveCfg = Debug|Any CPU
		{B2F80764-4DF5-400F-A2D0-5C3DD521FB19}.Debug|Any CPU.Build.0 = Debug|Any CPU
		{B2F80764-4DF5-400F-A2D0-5C3DD521FB19}.Debug|ARM.ActiveCfg = Debug|Any CPU
		{B2F80764-4DF5-400F-A2D0-5C3DD521FB19}.Debug|x64.ActiveCfg = Debug|Any CPU
		{B2F80764-4DF5-400F-A2D0-5C3DD521FB19}.Debug|x86.ActiveCfg = Debug|Any CPU
		{B2F80764-4DF5-400F-A2D0-5C3DD521FB19}.Release|Any CPU.ActiveCfg = Release|Any CPU
		{B2F80764-4DF5-400F-A2D0-5C3DD521FB19}.Release|Any CPU.Build.0 = Release|Any CPU
		{B2F80764-4DF5-400F-A2D0-5C3DD521FB19}.Release|ARM.ActiveCfg = Release|Any CPU
		{B2F80764-4DF5-400F-A2D0-5C3DD521FB19}.Release|x64.ActiveCfg = Release|Any CPU
		{B2F80764-4DF5-400F-A2D0-5C3DD521FB19}.Release|x86.ActiveCfg = Release|Any CPU
		{29007C85-EDDB-4453-BE24-F6965A34E31A}.Debug|Any CPU.ActiveCfg = Debug|Any CPU
		{29007C85-EDDB-4453-BE24-F6965A34E31A}.Debug|Any CPU.Build.0 = Debug|Any CPU
		{29007C85-EDDB-4453-BE24-F6965A34E31A}.Debug|ARM.ActiveCfg = Debug|Any CPU
		{29007C85-EDDB-4453-BE24-F6965A34E31A}.Debug|x64.ActiveCfg = Debug|Any CPU
		{29007C85-EDDB-4453-BE24-F6965A34E31A}.Debug|x86.ActiveCfg = Debug|Any CPU
		{29007C85-EDDB-4453-BE24-F6965A34E31A}.Release|Any CPU.ActiveCfg = Release|Any CPU
		{29007C85-EDDB-4453-BE24-F6965A34E31A}.Release|Any CPU.Build.0 = Release|Any CPU
		{29007C85-EDDB-4453-BE24-F6965A34E31A}.Release|ARM.ActiveCfg = Release|Any CPU
		{29007C85-EDDB-4453-BE24-F6965A34E31A}.Release|x64.ActiveCfg = Release|Any CPU
		{29007C85-EDDB-4453-BE24-F6965A34E31A}.Release|x86.ActiveCfg = Release|Any CPU
		{905B3393-9B3D-4DAC-B018-2825F5C7188C}.Debug|Any CPU.ActiveCfg = Debug|Any CPU
		{905B3393-9B3D-4DAC-B018-2825F5C7188C}.Debug|Any CPU.Build.0 = Debug|Any CPU
		{905B3393-9B3D-4DAC-B018-2825F5C7188C}.Debug|ARM.ActiveCfg = Debug|Any CPU
		{905B3393-9B3D-4DAC-B018-2825F5C7188C}.Debug|x64.ActiveCfg = Debug|Any CPU
		{905B3393-9B3D-4DAC-B018-2825F5C7188C}.Debug|x86.ActiveCfg = Debug|Any CPU
		{905B3393-9B3D-4DAC-B018-2825F5C7188C}.Release|Any CPU.ActiveCfg = Release|Any CPU
		{905B3393-9B3D-4DAC-B018-2825F5C7188C}.Release|Any CPU.Build.0 = Release|Any CPU
		{905B3393-9B3D-4DAC-B018-2825F5C7188C}.Release|ARM.ActiveCfg = Release|Any CPU
		{905B3393-9B3D-4DAC-B018-2825F5C7188C}.Release|x64.ActiveCfg = Release|Any CPU
		{905B3393-9B3D-4DAC-B018-2825F5C7188C}.Release|x86.ActiveCfg = Release|Any CPU
		{00BB9F5C-2F9D-44C0-A73C-E24B23A2059F}.Debug|Any CPU.ActiveCfg = Debug|Any CPU
		{00BB9F5C-2F9D-44C0-A73C-E24B23A2059F}.Debug|Any CPU.Build.0 = Debug|Any CPU
		{00BB9F5C-2F9D-44C0-A73C-E24B23A2059F}.Debug|ARM.ActiveCfg = Debug|Any CPU
		{00BB9F5C-2F9D-44C0-A73C-E24B23A2059F}.Debug|x64.ActiveCfg = Debug|Any CPU
		{00BB9F5C-2F9D-44C0-A73C-E24B23A2059F}.Debug|x86.ActiveCfg = Debug|Any CPU
		{00BB9F5C-2F9D-44C0-A73C-E24B23A2059F}.Release|Any CPU.ActiveCfg = Release|Any CPU
		{00BB9F5C-2F9D-44C0-A73C-E24B23A2059F}.Release|Any CPU.Build.0 = Release|Any CPU
		{00BB9F5C-2F9D-44C0-A73C-E24B23A2059F}.Release|ARM.ActiveCfg = Release|Any CPU
		{00BB9F5C-2F9D-44C0-A73C-E24B23A2059F}.Release|x64.ActiveCfg = Release|Any CPU
		{00BB9F5C-2F9D-44C0-A73C-E24B23A2059F}.Release|x86.ActiveCfg = Release|Any CPU
		{84459695-3BE0-4ABB-9C66-6BA7945526DC}.Debug|Any CPU.ActiveCfg = Debug|Any CPU
		{84459695-3BE0-4ABB-9C66-6BA7945526DC}.Debug|Any CPU.Build.0 = Debug|Any CPU
		{84459695-3BE0-4ABB-9C66-6BA7945526DC}.Debug|ARM.ActiveCfg = Debug|Any CPU
		{84459695-3BE0-4ABB-9C66-6BA7945526DC}.Debug|x64.ActiveCfg = Debug|Any CPU
		{84459695-3BE0-4ABB-9C66-6BA7945526DC}.Debug|x86.ActiveCfg = Debug|Any CPU
		{84459695-3BE0-4ABB-9C66-6BA7945526DC}.Release|Any CPU.ActiveCfg = Release|Any CPU
		{84459695-3BE0-4ABB-9C66-6BA7945526DC}.Release|Any CPU.Build.0 = Release|Any CPU
		{84459695-3BE0-4ABB-9C66-6BA7945526DC}.Release|ARM.ActiveCfg = Release|Any CPU
		{84459695-3BE0-4ABB-9C66-6BA7945526DC}.Release|x64.ActiveCfg = Release|Any CPU
		{84459695-3BE0-4ABB-9C66-6BA7945526DC}.Release|x86.ActiveCfg = Release|Any CPU
		{6D6F3723-9054-4C7C-8067-901238D9A933}.Debug|Any CPU.ActiveCfg = Debug|Any CPU
		{6D6F3723-9054-4C7C-8067-901238D9A933}.Debug|Any CPU.Build.0 = Debug|Any CPU
		{6D6F3723-9054-4C7C-8067-901238D9A933}.Debug|ARM.ActiveCfg = Debug|Any CPU
		{6D6F3723-9054-4C7C-8067-901238D9A933}.Debug|x64.ActiveCfg = Debug|Any CPU
		{6D6F3723-9054-4C7C-8067-901238D9A933}.Debug|x86.ActiveCfg = Debug|Any CPU
		{6D6F3723-9054-4C7C-8067-901238D9A933}.Release|Any CPU.ActiveCfg = Release|Any CPU
		{6D6F3723-9054-4C7C-8067-901238D9A933}.Release|Any CPU.Build.0 = Release|Any CPU
		{6D6F3723-9054-4C7C-8067-901238D9A933}.Release|ARM.ActiveCfg = Release|Any CPU
		{6D6F3723-9054-4C7C-8067-901238D9A933}.Release|x64.ActiveCfg = Release|Any CPU
		{6D6F3723-9054-4C7C-8067-901238D9A933}.Release|x86.ActiveCfg = Release|Any CPU
		{F5641AAD-4330-490E-BC0A-EFA6C73ED2F8}.Debug|Any CPU.ActiveCfg = Debug|Any CPU
		{F5641AAD-4330-490E-BC0A-EFA6C73ED2F8}.Debug|Any CPU.Build.0 = Debug|Any CPU
		{F5641AAD-4330-490E-BC0A-EFA6C73ED2F8}.Debug|ARM.ActiveCfg = Debug|Any CPU
		{F5641AAD-4330-490E-BC0A-EFA6C73ED2F8}.Debug|x64.ActiveCfg = Debug|Any CPU
		{F5641AAD-4330-490E-BC0A-EFA6C73ED2F8}.Debug|x86.ActiveCfg = Debug|Any CPU
		{F5641AAD-4330-490E-BC0A-EFA6C73ED2F8}.Release|Any CPU.ActiveCfg = Release|Any CPU
		{F5641AAD-4330-490E-BC0A-EFA6C73ED2F8}.Release|Any CPU.Build.0 = Release|Any CPU
		{F5641AAD-4330-490E-BC0A-EFA6C73ED2F8}.Release|ARM.ActiveCfg = Release|Any CPU
		{F5641AAD-4330-490E-BC0A-EFA6C73ED2F8}.Release|x64.ActiveCfg = Release|Any CPU
		{F5641AAD-4330-490E-BC0A-EFA6C73ED2F8}.Release|x86.ActiveCfg = Release|Any CPU
		{CC1CB9AF-F9CD-4757-84E2-D3B0288D38B1}.Debug|Any CPU.ActiveCfg = Debug|Any CPU
		{CC1CB9AF-F9CD-4757-84E2-D3B0288D38B1}.Debug|Any CPU.Build.0 = Debug|Any CPU
		{CC1CB9AF-F9CD-4757-84E2-D3B0288D38B1}.Debug|ARM.ActiveCfg = Debug|Any CPU
		{CC1CB9AF-F9CD-4757-84E2-D3B0288D38B1}.Debug|x64.ActiveCfg = Debug|Any CPU
		{CC1CB9AF-F9CD-4757-84E2-D3B0288D38B1}.Debug|x86.ActiveCfg = Debug|Any CPU
		{CC1CB9AF-F9CD-4757-84E2-D3B0288D38B1}.Release|Any CPU.ActiveCfg = Release|Any CPU
		{CC1CB9AF-F9CD-4757-84E2-D3B0288D38B1}.Release|Any CPU.Build.0 = Release|Any CPU
		{CC1CB9AF-F9CD-4757-84E2-D3B0288D38B1}.Release|ARM.ActiveCfg = Release|Any CPU
		{CC1CB9AF-F9CD-4757-84E2-D3B0288D38B1}.Release|x64.ActiveCfg = Release|Any CPU
		{CC1CB9AF-F9CD-4757-84E2-D3B0288D38B1}.Release|x86.ActiveCfg = Release|Any CPU
		{52386102-A84B-4439-A964-A53DBB57EE0A}.Debug|Any CPU.ActiveCfg = Debug|Any CPU
		{52386102-A84B-4439-A964-A53DBB57EE0A}.Debug|Any CPU.Build.0 = Debug|Any CPU
		{52386102-A84B-4439-A964-A53DBB57EE0A}.Debug|ARM.ActiveCfg = Debug|Any CPU
		{52386102-A84B-4439-A964-A53DBB57EE0A}.Debug|x64.ActiveCfg = Debug|Any CPU
		{52386102-A84B-4439-A964-A53DBB57EE0A}.Debug|x86.ActiveCfg = Debug|Any CPU
		{52386102-A84B-4439-A964-A53DBB57EE0A}.Release|Any CPU.ActiveCfg = Release|Any CPU
		{52386102-A84B-4439-A964-A53DBB57EE0A}.Release|Any CPU.Build.0 = Release|Any CPU
		{52386102-A84B-4439-A964-A53DBB57EE0A}.Release|ARM.ActiveCfg = Release|Any CPU
		{52386102-A84B-4439-A964-A53DBB57EE0A}.Release|x64.ActiveCfg = Release|Any CPU
		{52386102-A84B-4439-A964-A53DBB57EE0A}.Release|x86.ActiveCfg = Release|Any CPU
		{17961129-0C30-48D2-A2E7-CB8A763AA5F8}.Debug|Any CPU.ActiveCfg = Debug|Any CPU
		{17961129-0C30-48D2-A2E7-CB8A763AA5F8}.Debug|Any CPU.Build.0 = Debug|Any CPU
		{17961129-0C30-48D2-A2E7-CB8A763AA5F8}.Debug|ARM.ActiveCfg = Debug|Any CPU
		{17961129-0C30-48D2-A2E7-CB8A763AA5F8}.Debug|x64.ActiveCfg = Debug|Any CPU
		{17961129-0C30-48D2-A2E7-CB8A763AA5F8}.Debug|x86.ActiveCfg = Debug|Any CPU
		{17961129-0C30-48D2-A2E7-CB8A763AA5F8}.Release|Any CPU.ActiveCfg = Release|Any CPU
		{17961129-0C30-48D2-A2E7-CB8A763AA5F8}.Release|Any CPU.Build.0 = Release|Any CPU
		{17961129-0C30-48D2-A2E7-CB8A763AA5F8}.Release|ARM.ActiveCfg = Release|Any CPU
		{17961129-0C30-48D2-A2E7-CB8A763AA5F8}.Release|x64.ActiveCfg = Release|Any CPU
		{17961129-0C30-48D2-A2E7-CB8A763AA5F8}.Release|x86.ActiveCfg = Release|Any CPU
		{01A6C956-0C68-46DB-816D-585749E72DF7}.Debug|Any CPU.ActiveCfg = Debug|Any CPU
		{01A6C956-0C68-46DB-816D-585749E72DF7}.Debug|Any CPU.Build.0 = Debug|Any CPU
		{01A6C956-0C68-46DB-816D-585749E72DF7}.Debug|ARM.ActiveCfg = Debug|Any CPU
		{01A6C956-0C68-46DB-816D-585749E72DF7}.Debug|x64.ActiveCfg = Debug|Any CPU
		{01A6C956-0C68-46DB-816D-585749E72DF7}.Debug|x86.ActiveCfg = Debug|Any CPU
		{01A6C956-0C68-46DB-816D-585749E72DF7}.Release|Any CPU.ActiveCfg = Release|Any CPU
		{01A6C956-0C68-46DB-816D-585749E72DF7}.Release|Any CPU.Build.0 = Release|Any CPU
		{01A6C956-0C68-46DB-816D-585749E72DF7}.Release|ARM.ActiveCfg = Release|Any CPU
		{01A6C956-0C68-46DB-816D-585749E72DF7}.Release|x64.ActiveCfg = Release|Any CPU
		{01A6C956-0C68-46DB-816D-585749E72DF7}.Release|x86.ActiveCfg = Release|Any CPU
		{20042BB3-4E24-494F-BD86-D4CAEA52B31D}.Debug|Any CPU.ActiveCfg = Debug|Any CPU
		{20042BB3-4E24-494F-BD86-D4CAEA52B31D}.Debug|Any CPU.Build.0 = Debug|Any CPU
		{20042BB3-4E24-494F-BD86-D4CAEA52B31D}.Debug|ARM.ActiveCfg = Debug|Any CPU
		{20042BB3-4E24-494F-BD86-D4CAEA52B31D}.Debug|x64.ActiveCfg = Debug|Any CPU
		{20042BB3-4E24-494F-BD86-D4CAEA52B31D}.Debug|x86.ActiveCfg = Debug|Any CPU
		{20042BB3-4E24-494F-BD86-D4CAEA52B31D}.Release|Any CPU.ActiveCfg = Release|Any CPU
		{20042BB3-4E24-494F-BD86-D4CAEA52B31D}.Release|Any CPU.Build.0 = Release|Any CPU
		{20042BB3-4E24-494F-BD86-D4CAEA52B31D}.Release|ARM.ActiveCfg = Release|Any CPU
		{20042BB3-4E24-494F-BD86-D4CAEA52B31D}.Release|x64.ActiveCfg = Release|Any CPU
		{20042BB3-4E24-494F-BD86-D4CAEA52B31D}.Release|x86.ActiveCfg = Release|Any CPU
		{8355FC5F-FDA4-47FE-B9E9-15F64E43845C}.Debug|Any CPU.ActiveCfg = Debug|Any CPU
		{8355FC5F-FDA4-47FE-B9E9-15F64E43845C}.Debug|Any CPU.Build.0 = Debug|Any CPU
		{8355FC5F-FDA4-47FE-B9E9-15F64E43845C}.Debug|ARM.ActiveCfg = Debug|Any CPU
		{8355FC5F-FDA4-47FE-B9E9-15F64E43845C}.Debug|x64.ActiveCfg = Debug|Any CPU
		{8355FC5F-FDA4-47FE-B9E9-15F64E43845C}.Debug|x86.ActiveCfg = Debug|Any CPU
		{8355FC5F-FDA4-47FE-B9E9-15F64E43845C}.Release|Any CPU.ActiveCfg = Release|Any CPU
		{8355FC5F-FDA4-47FE-B9E9-15F64E43845C}.Release|Any CPU.Build.0 = Release|Any CPU
		{8355FC5F-FDA4-47FE-B9E9-15F64E43845C}.Release|ARM.ActiveCfg = Release|Any CPU
		{8355FC5F-FDA4-47FE-B9E9-15F64E43845C}.Release|x64.ActiveCfg = Release|Any CPU
		{8355FC5F-FDA4-47FE-B9E9-15F64E43845C}.Release|x86.ActiveCfg = Release|Any CPU
		{E108D136-F631-45E4-8BFE-2CB48311D472}.Debug|Any CPU.ActiveCfg = Debug|Any CPU
		{E108D136-F631-45E4-8BFE-2CB48311D472}.Debug|Any CPU.Build.0 = Debug|Any CPU
		{E108D136-F631-45E4-8BFE-2CB48311D472}.Debug|ARM.ActiveCfg = Debug|Any CPU
		{E108D136-F631-45E4-8BFE-2CB48311D472}.Debug|x64.ActiveCfg = Debug|Any CPU
		{E108D136-F631-45E4-8BFE-2CB48311D472}.Debug|x86.ActiveCfg = Debug|Any CPU
		{E108D136-F631-45E4-8BFE-2CB48311D472}.Release|Any CPU.ActiveCfg = Release|Any CPU
		{E108D136-F631-45E4-8BFE-2CB48311D472}.Release|Any CPU.Build.0 = Release|Any CPU
		{E108D136-F631-45E4-8BFE-2CB48311D472}.Release|ARM.ActiveCfg = Release|Any CPU
		{E108D136-F631-45E4-8BFE-2CB48311D472}.Release|x64.ActiveCfg = Release|Any CPU
		{E108D136-F631-45E4-8BFE-2CB48311D472}.Release|x86.ActiveCfg = Release|Any CPU
		{D30148AB-455F-4B45-ACCD-BB180841DABF}.Debug|Any CPU.ActiveCfg = Debug|Any CPU
		{D30148AB-455F-4B45-ACCD-BB180841DABF}.Debug|Any CPU.Build.0 = Debug|Any CPU
		{D30148AB-455F-4B45-ACCD-BB180841DABF}.Debug|ARM.ActiveCfg = Debug|Any CPU
		{D30148AB-455F-4B45-ACCD-BB180841DABF}.Debug|x64.ActiveCfg = Debug|Any CPU
		{D30148AB-455F-4B45-ACCD-BB180841DABF}.Debug|x86.ActiveCfg = Debug|Any CPU
		{D30148AB-455F-4B45-ACCD-BB180841DABF}.Release|Any CPU.ActiveCfg = Release|Any CPU
		{D30148AB-455F-4B45-ACCD-BB180841DABF}.Release|Any CPU.Build.0 = Release|Any CPU
		{D30148AB-455F-4B45-ACCD-BB180841DABF}.Release|ARM.ActiveCfg = Release|Any CPU
		{D30148AB-455F-4B45-ACCD-BB180841DABF}.Release|x64.ActiveCfg = Release|Any CPU
		{D30148AB-455F-4B45-ACCD-BB180841DABF}.Release|x86.ActiveCfg = Release|Any CPU
		{DEA67BEA-863F-40C5-A220-0D2DB4BD73FB}.Debug|Any CPU.ActiveCfg = Debug|Any CPU
		{DEA67BEA-863F-40C5-A220-0D2DB4BD73FB}.Debug|Any CPU.Build.0 = Debug|Any CPU
		{DEA67BEA-863F-40C5-A220-0D2DB4BD73FB}.Debug|ARM.ActiveCfg = Debug|Any CPU
		{DEA67BEA-863F-40C5-A220-0D2DB4BD73FB}.Debug|x64.ActiveCfg = Debug|Any CPU
		{DEA67BEA-863F-40C5-A220-0D2DB4BD73FB}.Debug|x86.ActiveCfg = Debug|Any CPU
		{DEA67BEA-863F-40C5-A220-0D2DB4BD73FB}.Release|Any CPU.ActiveCfg = Release|Any CPU
		{DEA67BEA-863F-40C5-A220-0D2DB4BD73FB}.Release|Any CPU.Build.0 = Release|Any CPU
		{DEA67BEA-863F-40C5-A220-0D2DB4BD73FB}.Release|ARM.ActiveCfg = Release|Any CPU
		{DEA67BEA-863F-40C5-A220-0D2DB4BD73FB}.Release|x64.ActiveCfg = Release|Any CPU
		{DEA67BEA-863F-40C5-A220-0D2DB4BD73FB}.Release|x86.ActiveCfg = Release|Any CPU
		{16F1F1D5-1D35-4AFA-891B-8788FF6AA4F4}.Debug|Any CPU.ActiveCfg = Debug|Any CPU
		{16F1F1D5-1D35-4AFA-891B-8788FF6AA4F4}.Debug|Any CPU.Build.0 = Debug|Any CPU
		{16F1F1D5-1D35-4AFA-891B-8788FF6AA4F4}.Debug|ARM.ActiveCfg = Debug|Any CPU
		{16F1F1D5-1D35-4AFA-891B-8788FF6AA4F4}.Debug|x64.ActiveCfg = Debug|Any CPU
		{16F1F1D5-1D35-4AFA-891B-8788FF6AA4F4}.Debug|x86.ActiveCfg = Debug|Any CPU
		{16F1F1D5-1D35-4AFA-891B-8788FF6AA4F4}.Release|Any CPU.ActiveCfg = Release|Any CPU
		{16F1F1D5-1D35-4AFA-891B-8788FF6AA4F4}.Release|Any CPU.Build.0 = Release|Any CPU
		{16F1F1D5-1D35-4AFA-891B-8788FF6AA4F4}.Release|ARM.ActiveCfg = Release|Any CPU
		{16F1F1D5-1D35-4AFA-891B-8788FF6AA4F4}.Release|x64.ActiveCfg = Release|Any CPU
		{16F1F1D5-1D35-4AFA-891B-8788FF6AA4F4}.Release|x86.ActiveCfg = Release|Any CPU
		{C2AD067D-2492-408F-9070-4472E47E6514}.Debug|Any CPU.ActiveCfg = Debug|Any CPU
		{C2AD067D-2492-408F-9070-4472E47E6514}.Debug|Any CPU.Build.0 = Debug|Any CPU
		{C2AD067D-2492-408F-9070-4472E47E6514}.Debug|ARM.ActiveCfg = Debug|Any CPU
		{C2AD067D-2492-408F-9070-4472E47E6514}.Debug|x64.ActiveCfg = Debug|Any CPU
		{C2AD067D-2492-408F-9070-4472E47E6514}.Debug|x86.ActiveCfg = Debug|Any CPU
		{C2AD067D-2492-408F-9070-4472E47E6514}.Release|Any CPU.ActiveCfg = Release|Any CPU
		{C2AD067D-2492-408F-9070-4472E47E6514}.Release|Any CPU.Build.0 = Release|Any CPU
		{C2AD067D-2492-408F-9070-4472E47E6514}.Release|ARM.ActiveCfg = Release|Any CPU
		{C2AD067D-2492-408F-9070-4472E47E6514}.Release|x64.ActiveCfg = Release|Any CPU
		{C2AD067D-2492-408F-9070-4472E47E6514}.Release|x86.ActiveCfg = Release|Any CPU
		{B68B02BB-B158-43B0-B6FB-7E09AFD203B7}.Debug|Any CPU.ActiveCfg = Debug|Any CPU
		{B68B02BB-B158-43B0-B6FB-7E09AFD203B7}.Debug|Any CPU.Build.0 = Debug|Any CPU
		{B68B02BB-B158-43B0-B6FB-7E09AFD203B7}.Debug|ARM.ActiveCfg = Debug|Any CPU
		{B68B02BB-B158-43B0-B6FB-7E09AFD203B7}.Debug|x64.ActiveCfg = Debug|Any CPU
		{B68B02BB-B158-43B0-B6FB-7E09AFD203B7}.Debug|x86.ActiveCfg = Debug|Any CPU
		{B68B02BB-B158-43B0-B6FB-7E09AFD203B7}.Release|Any CPU.ActiveCfg = Release|Any CPU
		{B68B02BB-B158-43B0-B6FB-7E09AFD203B7}.Release|Any CPU.Build.0 = Release|Any CPU
		{B68B02BB-B158-43B0-B6FB-7E09AFD203B7}.Release|ARM.ActiveCfg = Release|Any CPU
		{B68B02BB-B158-43B0-B6FB-7E09AFD203B7}.Release|x64.ActiveCfg = Release|Any CPU
		{B68B02BB-B158-43B0-B6FB-7E09AFD203B7}.Release|x86.ActiveCfg = Release|Any CPU
		{BB0B54B3-6E05-4E2F-8B66-547F504AD830}.Debug|Any CPU.ActiveCfg = Debug|Any CPU
		{BB0B54B3-6E05-4E2F-8B66-547F504AD830}.Debug|Any CPU.Build.0 = Debug|Any CPU
		{BB0B54B3-6E05-4E2F-8B66-547F504AD830}.Debug|ARM.ActiveCfg = Debug|Any CPU
		{BB0B54B3-6E05-4E2F-8B66-547F504AD830}.Debug|x64.ActiveCfg = Debug|Any CPU
		{BB0B54B3-6E05-4E2F-8B66-547F504AD830}.Debug|x86.ActiveCfg = Debug|Any CPU
		{BB0B54B3-6E05-4E2F-8B66-547F504AD830}.Release|Any CPU.ActiveCfg = Release|Any CPU
		{BB0B54B3-6E05-4E2F-8B66-547F504AD830}.Release|Any CPU.Build.0 = Release|Any CPU
		{BB0B54B3-6E05-4E2F-8B66-547F504AD830}.Release|ARM.ActiveCfg = Release|Any CPU
		{BB0B54B3-6E05-4E2F-8B66-547F504AD830}.Release|x64.ActiveCfg = Release|Any CPU
		{BB0B54B3-6E05-4E2F-8B66-547F504AD830}.Release|x86.ActiveCfg = Release|Any CPU
	EndGlobalSection
	GlobalSection(SolutionProperties) = preSolution
		HideSolutionNode = FALSE
	EndGlobalSection
	GlobalSection(NestedProjects) = preSolution
		{5502EE79-4053-4078-9018-D18B3E0ECED2} = {9A76FD51-5F4B-4A5C-AB54-93E4DC609002}
		{5E60C4AC-C6B6-409F-A038-ED0D2D0C9D5D} = {9A76FD51-5F4B-4A5C-AB54-93E4DC609002}
		{7D95235E-0594-4BE4-ADB9-51516F2C0D49} = {9A76FD51-5F4B-4A5C-AB54-93E4DC609002}
		{298BDAD0-58FC-4843-BE94-7F446B393796} = {9A76FD51-5F4B-4A5C-AB54-93E4DC609002}
		{D6515A4B-21AC-49D8-B896-84B5EF50F5F1} = {9A76FD51-5F4B-4A5C-AB54-93E4DC609002}
		{DB9508A7-065D-433B-818C-1F9CBCE7FAF4} = {9A76FD51-5F4B-4A5C-AB54-93E4DC609002}
		{A77A237A-23B9-4082-AB8D-D44C2D2B196A} = {9A76FD51-5F4B-4A5C-AB54-93E4DC609002}
		{DD773C5F-350A-442A-8E48-2A63B08A6FA2} = {9A76FD51-5F4B-4A5C-AB54-93E4DC609002}
		{03A06CFD-DCEF-4F7D-9973-B7B7300E65F1} = {9A76FD51-5F4B-4A5C-AB54-93E4DC609002}
		{B5925403-096E-4AEE-B7CD-F3E76DAA2F04} = {9A76FD51-5F4B-4A5C-AB54-93E4DC609002}
		{75665DAE-9561-49C8-8BE9-7A4E8AC4E768} = {9A76FD51-5F4B-4A5C-AB54-93E4DC609002}
		{1F086968-5F91-4C69-B7AD-1B848502394D} = {1B3F35FB-4DBB-44D0-AF5B-045C3A782D4A}
		{A59D584A-B0F2-4852-9846-141BDE188CEB} = {1B3F35FB-4DBB-44D0-AF5B-045C3A782D4A}
		{FF51D761-1F4D-40DB-AED2-ECE3BBC869C6} = {1B3F35FB-4DBB-44D0-AF5B-045C3A782D4A}
		{39FB8CDE-28D4-4969-A1CD-657669904BBC} = {1B3F35FB-4DBB-44D0-AF5B-045C3A782D4A}
		{DF2D3173-77A1-4ECB-A6DE-7C3265091F6A} = {1B3F35FB-4DBB-44D0-AF5B-045C3A782D4A}
		{EE3A5556-EBF3-45AA-BEB7-A134A6DD2C9F} = {1B3F35FB-4DBB-44D0-AF5B-045C3A782D4A}
		{EE158402-E562-4296-BBA6-81BFEC9F2C9D} = {1B3F35FB-4DBB-44D0-AF5B-045C3A782D4A}
		{4A1966E2-1465-4CAB-AA5C-FB35222CFD13} = {1B3F35FB-4DBB-44D0-AF5B-045C3A782D4A}
		{9A53CF78-6CEE-4C80-91DB-0F266D255C93} = {1B3F35FB-4DBB-44D0-AF5B-045C3A782D4A}
		{8457E95C-4F52-4BEE-97D8-433CFDF6E26A} = {6DB3ED55-B0DF-4FB6-AE6E-FFCFE316486C}
		{D891475D-CD3E-49B0-ADEF-2BE370DE7A0F} = {6DB3ED55-B0DF-4FB6-AE6E-FFCFE316486C}
		{623C3276-F8A5-4B48-8524-83C535C4E6F9} = {6DB3ED55-B0DF-4FB6-AE6E-FFCFE316486C}
		{B9B092B4-6636-445F-9198-9CD262D43604} = {6DB3ED55-B0DF-4FB6-AE6E-FFCFE316486C}
		{908A57C6-7EC9-418A-A3A6-156702C04894} = {6DB3ED55-B0DF-4FB6-AE6E-FFCFE316486C}
		{BD4D293E-1080-4090-B111-CA174C1D0863} = {6DB3ED55-B0DF-4FB6-AE6E-FFCFE316486C}
		{3D21D36D-E0E2-46DA-9D12-5F058A79B15D} = {6DB3ED55-B0DF-4FB6-AE6E-FFCFE316486C}
		{09F53EFA-CA48-41A8-9EC4-D16B32F64198} = {05B47ED3-EF04-403D-83B2-923E2C4974FA}
		{4F76EBE9-B401-4BD2-BFE4-88739E848E6B} = {05B47ED3-EF04-403D-83B2-923E2C4974FA}
		{47291451-5465-424E-B02C-6872A82BF065} = {05B47ED3-EF04-403D-83B2-923E2C4974FA}
		{FEC7333E-8ACF-40DF-99CE-4A7F3C67FB23} = {05B47ED3-EF04-403D-83B2-923E2C4974FA}
		{0C63100E-3DFB-4975-A971-A28567445BB9} = {05B47ED3-EF04-403D-83B2-923E2C4974FA}
		{F4AF0B2E-A97A-46F6-BDA9-62077890361F} = {05B47ED3-EF04-403D-83B2-923E2C4974FA}
		{981EEDF7-E968-4C9E-84D2-D7919B25CF68} = {05B47ED3-EF04-403D-83B2-923E2C4974FA}
		{AB6953B2-BDFF-4E17-8B86-5B3F41D0D847} = {05B47ED3-EF04-403D-83B2-923E2C4974FA}
		{E91E0B30-1606-4ED4-94AA-8E785AF3FA5B} = {05B47ED3-EF04-403D-83B2-923E2C4974FA}
		{3610E696-E361-4F8F-8799-0A22B7AC7160} = {180F4B66-0D8A-4F51-AB24-E676EA9447B3}
		{8E096440-3171-4D99-9E09-36A0A10CD94C} = {180F4B66-0D8A-4F51-AB24-E676EA9447B3}
		{067E7F12-A524-44F7-9650-59E2C5D5DB9D} = {180F4B66-0D8A-4F51-AB24-E676EA9447B3}
		{D9A87682-9C18-4A48-A6DA-97562A84DBA5} = {180F4B66-0D8A-4F51-AB24-E676EA9447B3}
		{325A9BB1-4D15-476A-A618-02A102DF0B49} = {180F4B66-0D8A-4F51-AB24-E676EA9447B3}
		{C483304B-3886-439A-81EB-8C4D25692C2F} = {180F4B66-0D8A-4F51-AB24-E676EA9447B3}
		{7BF97FB8-350B-4418-A8BD-108895C0D648} = {180F4B66-0D8A-4F51-AB24-E676EA9447B3}
		{1166E266-C183-4D63-9584-155BD1F9F2F9} = {180F4B66-0D8A-4F51-AB24-E676EA9447B3}
		{2C4D3421-762A-445C-A69D-8BF00799394D} = {180F4B66-0D8A-4F51-AB24-E676EA9447B3}
		{96234770-8ED2-4ED1-BF00-C133BCCFB94C} = {B281D27F-4C37-45DE-A234-552C6F1AEF80}
		{C0EE46E4-0B6C-4DAE-A4E3-B3FAE9B7A03E} = {B281D27F-4C37-45DE-A234-552C6F1AEF80}
		{5DA986DA-B85C-42B9-A326-2E46CD98532A} = {B281D27F-4C37-45DE-A234-552C6F1AEF80}
		{F23AD9E4-96A3-413F-984A-1AE7BF15BC18} = {B281D27F-4C37-45DE-A234-552C6F1AEF80}
		{A5478C45-E1EB-45DF-ABB7-A4DF18AF1E5D} = {B281D27F-4C37-45DE-A234-552C6F1AEF80}
		{C435483A-0D00-4DF6-8F7D-0E06D8024D5C} = {185B46D8-3096-4D72-A0E8-6B751A7B2D1C}
		{B2F80764-4DF5-400F-A2D0-5C3DD521FB19} = {185B46D8-3096-4D72-A0E8-6B751A7B2D1C}
		{29007C85-EDDB-4453-BE24-F6965A34E31A} = {185B46D8-3096-4D72-A0E8-6B751A7B2D1C}
		{905B3393-9B3D-4DAC-B018-2825F5C7188C} = {185B46D8-3096-4D72-A0E8-6B751A7B2D1C}
		{00BB9F5C-2F9D-44C0-A73C-E24B23A2059F} = {185B46D8-3096-4D72-A0E8-6B751A7B2D1C}
		{84459695-3BE0-4ABB-9C66-6BA7945526DC} = {185B46D8-3096-4D72-A0E8-6B751A7B2D1C}
		{6D6F3723-9054-4C7C-8067-901238D9A933} = {3B800E94-C45F-441E-A884-3A20BD44A7E6}
		{F5641AAD-4330-490E-BC0A-EFA6C73ED2F8} = {3B800E94-C45F-441E-A884-3A20BD44A7E6}
		{CC1CB9AF-F9CD-4757-84E2-D3B0288D38B1} = {3B800E94-C45F-441E-A884-3A20BD44A7E6}
		{52386102-A84B-4439-A964-A53DBB57EE0A} = {3B800E94-C45F-441E-A884-3A20BD44A7E6}
		{17961129-0C30-48D2-A2E7-CB8A763AA5F8} = {3B800E94-C45F-441E-A884-3A20BD44A7E6}
		{01A6C956-0C68-46DB-816D-585749E72DF7} = {3B800E94-C45F-441E-A884-3A20BD44A7E6}
		{20042BB3-4E24-494F-BD86-D4CAEA52B31D} = {41ABCCCB-9E1E-40D9-8D2D-C24809EC158B}
		{8355FC5F-FDA4-47FE-B9E9-15F64E43845C} = {41ABCCCB-9E1E-40D9-8D2D-C24809EC158B}
		{E108D136-F631-45E4-8BFE-2CB48311D472} = {41ABCCCB-9E1E-40D9-8D2D-C24809EC158B}
		{D30148AB-455F-4B45-ACCD-BB180841DABF} = {41ABCCCB-9E1E-40D9-8D2D-C24809EC158B}
		{DEA67BEA-863F-40C5-A220-0D2DB4BD73FB} = {37231416-7BE3-4C4E-8656-58136F038B49}
		{16F1F1D5-1D35-4AFA-891B-8788FF6AA4F4} = {FA4E033F-794E-49B4-B6BE-B123BABC2006}
		{C2AD067D-2492-408F-9070-4472E47E6514} = {FA4E033F-794E-49B4-B6BE-B123BABC2006}
		{B68B02BB-B158-43B0-B6FB-7E09AFD203B7} = {FA4E033F-794E-49B4-B6BE-B123BABC2006}
		{BB0B54B3-6E05-4E2F-8B66-547F504AD830} = {FA4E033F-794E-49B4-B6BE-B123BABC2006}
	EndGlobalSection
EndGlobal
